// !$*UTF8*$!
{
	archiveVersion = 1;
	classes = {
	};
	objectVersion = 48;
	objects = {

/* Begin PBXBuildFile section */
		A12393031FD733C8006859A0 /* SetupViewController.swift in Sources */ = {isa = PBXBuildFile; fileRef = A12393021FD733C8006859A0 /* SetupViewController.swift */; };
		A12393081FD73638006859A0 /* ParametersViewController.swift in Sources */ = {isa = PBXBuildFile; fileRef = A12393061FD73638006859A0 /* ParametersViewController.swift */; };
		A12393091FD73638006859A0 /* ParametersViewController.xib in Resources */ = {isa = PBXBuildFile; fileRef = A12393071FD73638006859A0 /* ParametersViewController.xib */; };
		A12810301FB6CFE2001B01E4 /* AppDelegate.swift in Sources */ = {isa = PBXBuildFile; fileRef = A128102F1FB6CFE2001B01E4 /* AppDelegate.swift */; };
		A12810321FB6CFE2001B01E4 /* ConfigViewController.swift in Sources */ = {isa = PBXBuildFile; fileRef = A12810311FB6CFE2001B01E4 /* ConfigViewController.swift */; };
		A12810351FB6CFE2001B01E4 /* Main.storyboard in Resources */ = {isa = PBXBuildFile; fileRef = A12810331FB6CFE2001B01E4 /* Main.storyboard */; };
		A12810371FB6CFE2001B01E4 /* Assets.xcassets in Resources */ = {isa = PBXBuildFile; fileRef = A12810361FB6CFE2001B01E4 /* Assets.xcassets */; };
		A128103A1FB6CFE2001B01E4 /* LaunchScreen.storyboard in Resources */ = {isa = PBXBuildFile; fileRef = A12810381FB6CFE2001B01E4 /* LaunchScreen.storyboard */; };
		A12810481FB6D06E001B01E4 /* ShareViewController.swift in Sources */ = {isa = PBXBuildFile; fileRef = A12810471FB6D06E001B01E4 /* ShareViewController.swift */; };
		A128104B1FB6D06E001B01E4 /* MainInterface.storyboard in Resources */ = {isa = PBXBuildFile; fileRef = A12810491FB6D06E001B01E4 /* MainInterface.storyboard */; };
		A128104F1FB6D06E001B01E4 /* SendAsPostShareExtension.appex in Embed App Extensions */ = {isa = PBXBuildFile; fileRef = A12810451FB6D06D001B01E4 /* SendAsPostShareExtension.appex */; settings = {ATTRIBUTES = (RemoveHeadersOnCopy, ); }; };
		A12810551FB6D5C0001B01E4 /* AddUrlViewController.swift in Sources */ = {isa = PBXBuildFile; fileRef = A12810541FB6D5C0001B01E4 /* AddUrlViewController.swift */; };
		A12810571FB6D5CD001B01E4 /* SelectUrlViewController.swift in Sources */ = {isa = PBXBuildFile; fileRef = A12810561FB6D5CD001B01E4 /* SelectUrlViewController.swift */; };
		A1308E121FBEF6A6006F1464 /* Share.js in Resources */ = {isa = PBXBuildFile; fileRef = A1308DEC1FBEE908006F1464 /* Share.js */; };
		A1308E141FBF42F0006F1464 /* EditTitleViewController.swift in Sources */ = {isa = PBXBuildFile; fileRef = A1308E131FBF42F0006F1464 /* EditTitleViewController.swift */; };
		A13447CD1FB730290098F365 /* EditParamViewController.swift in Sources */ = {isa = PBXBuildFile; fileRef = A13447CC1FB730290098F365 /* EditParamViewController.swift */; };
		A140A1941FD70C940068A7CB /* DefaultFont.swift in Sources */ = {isa = PBXBuildFile; fileRef = A140A1931FD70C940068A7CB /* DefaultFont.swift */; };
		A140A1961FD7200B0068A7CB /* AboutViewController.swift in Sources */ = {isa = PBXBuildFile; fileRef = A140A1951FD7200B0068A7CB /* AboutViewController.swift */; };
		A140A1981FD7328B0068A7CB /* LandingViewController.swift in Sources */ = {isa = PBXBuildFile; fileRef = A140A1971FD7328B0068A7CB /* LandingViewController.swift */; };
		A1ACF0F31FFFDCA500CBCBA6 /* StoreKit.framework in Frameworks */ = {isa = PBXBuildFile; fileRef = A1ACF0F21FFFDCA500CBCBA6 /* StoreKit.framework */; };
		A1ACF0F51FFFF7F800CBCBA6 /* TipJarViewController.swift in Sources */ = {isa = PBXBuildFile; fileRef = A1ACF0F41FFFF7F800CBCBA6 /* TipJarViewController.swift */; };
		A1DDD19F1FDB8B94009EBC27 /* AppDelegate.swift in Sources */ = {isa = PBXBuildFile; fileRef = A1DDD19E1FDB8B94009EBC27 /* AppDelegate.swift */; };
		A1DDD1A11FDB8B94009EBC27 /* MainViewController.swift in Sources */ = {isa = PBXBuildFile; fileRef = A1DDD1A01FDB8B94009EBC27 /* MainViewController.swift */; };
		A1DDD1A31FDB8B94009EBC27 /* Assets.xcassets in Resources */ = {isa = PBXBuildFile; fileRef = A1DDD1A21FDB8B94009EBC27 /* Assets.xcassets */; };
		A1DDD1A61FDB8B94009EBC27 /* Main.storyboard in Resources */ = {isa = PBXBuildFile; fileRef = A1DDD1A41FDB8B94009EBC27 /* Main.storyboard */; };
		A1DDD1B51FDB8C58009EBC27 /* ShareViewController.swift in Sources */ = {isa = PBXBuildFile; fileRef = A1DDD1B41FDB8C58009EBC27 /* ShareViewController.swift */; };
		A1DDD1B81FDB8C58009EBC27 /* ShareViewController.xib in Resources */ = {isa = PBXBuildFile; fileRef = A1DDD1B61FDB8C58009EBC27 /* ShareViewController.xib */; };
		A1DDD1BD1FDB8C58009EBC27 /* SendAsPostMacShareExtension.appex in Embed App Extensions */ = {isa = PBXBuildFile; fileRef = A1DDD1B01FDB8C58009EBC27 /* SendAsPostMacShareExtension.appex */; settings = {ATTRIBUTES = (RemoveHeadersOnCopy, ); }; };
		A1DDD1C61FDC4933009EBC27 /* Share.js in Resources */ = {isa = PBXBuildFile; fileRef = A1DDD1C51FDC4932009EBC27 /* Share.js */; };
		A1DDD1C91FDC49BC009EBC27 /* DataExtension.swift in Sources */ = {isa = PBXBuildFile; fileRef = A1DDD1C81FDC49BC009EBC27 /* DataExtension.swift */; };
		A1DDD1CA1FDC49D3009EBC27 /* DataExtension.swift in Sources */ = {isa = PBXBuildFile; fileRef = A1DDD1C81FDC49BC009EBC27 /* DataExtension.swift */; };
		A1DDD1CB1FDC49D5009EBC27 /* DataExtension.swift in Sources */ = {isa = PBXBuildFile; fileRef = A1DDD1C81FDC49BC009EBC27 /* DataExtension.swift */; };
		A1DDD1CC1FDC49D6009EBC27 /* DataExtension.swift in Sources */ = {isa = PBXBuildFile; fileRef = A1DDD1C81FDC49BC009EBC27 /* DataExtension.swift */; };
		A1DDD1CE1FDC4B8D009EBC27 /* BackgroundUploader.swift in Sources */ = {isa = PBXBuildFile; fileRef = A1DDD1CD1FDC4B8D009EBC27 /* BackgroundUploader.swift */; };
		A1DDD1D01FDC4BF1009EBC27 /* BackgroundUploader.swift in Sources */ = {isa = PBXBuildFile; fileRef = A1DDD1CD1FDC4B8D009EBC27 /* BackgroundUploader.swift */; };
		A1DDD1D31FDC4F48009EBC27 /* RequestManager.swift in Sources */ = {isa = PBXBuildFile; fileRef = A1DDD1D21FDC4F48009EBC27 /* RequestManager.swift */; };
		A1DDD1D41FDC5054009EBC27 /* RequestManager.swift in Sources */ = {isa = PBXBuildFile; fileRef = A1DDD1D21FDC4F48009EBC27 /* RequestManager.swift */; };
		A1DDD1D61FDC7234009EBC27 /* SharedDefaults.swift in Sources */ = {isa = PBXBuildFile; fileRef = A1DDD1D51FDC7234009EBC27 /* SharedDefaults.swift */; };
		A1DDD1D71FDC7276009EBC27 /* SharedDefaults.swift in Sources */ = {isa = PBXBuildFile; fileRef = A1DDD1D51FDC7234009EBC27 /* SharedDefaults.swift */; };
		A1DDD1D81FDC7276009EBC27 /* SharedDefaults.swift in Sources */ = {isa = PBXBuildFile; fileRef = A1DDD1D51FDC7234009EBC27 /* SharedDefaults.swift */; };
		A1DDD1D91FDC7277009EBC27 /* SharedDefaults.swift in Sources */ = {isa = PBXBuildFile; fileRef = A1DDD1D51FDC7234009EBC27 /* SharedDefaults.swift */; };
		A1DDD1DB1FDC78EC009EBC27 /* ValidUrl.swift in Sources */ = {isa = PBXBuildFile; fileRef = A1DDD1DA1FDC78EC009EBC27 /* ValidUrl.swift */; };
		A1DDD1DC1FDC7993009EBC27 /* ValidUrl.swift in Sources */ = {isa = PBXBuildFile; fileRef = A1DDD1DA1FDC78EC009EBC27 /* ValidUrl.swift */; };
		E2ACC1C6525FB517626F0711 /* Pods_SendAsPost.framework in Frameworks */ = {isa = PBXBuildFile; fileRef = AD5DBCA9B50D855030A0C26C /* Pods_SendAsPost.framework */; };
		F2EE4721C072C43A28E00646 /* Pods_SendAsPostShareExtension.framework in Frameworks */ = {isa = PBXBuildFile; fileRef = 88C526780CFB8EA189CE5FB7 /* Pods_SendAsPostShareExtension.framework */; };
/* End PBXBuildFile section */

/* Begin PBXContainerItemProxy section */
		A128104D1FB6D06E001B01E4 /* PBXContainerItemProxy */ = {
			isa = PBXContainerItemProxy;
			containerPortal = A12810241FB6CFE2001B01E4 /* Project object */;
			proxyType = 1;
			remoteGlobalIDString = A12810441FB6D06D001B01E4;
			remoteInfo = "Send As Post Share Extension";
		};
		A1DDD1BB1FDB8C58009EBC27 /* PBXContainerItemProxy */ = {
			isa = PBXContainerItemProxy;
			containerPortal = A12810241FB6CFE2001B01E4 /* Project object */;
			proxyType = 1;
			remoteGlobalIDString = A1DDD1AF1FDB8C58009EBC27;
			remoteInfo = SendAsPostMacShareExtension;
		};
/* End PBXContainerItemProxy section */

/* Begin PBXCopyFilesBuildPhase section */
		A12810531FB6D06E001B01E4 /* Embed App Extensions */ = {
			isa = PBXCopyFilesBuildPhase;
			buildActionMask = 2147483647;
			dstPath = "";
			dstSubfolderSpec = 13;
			files = (
				A128104F1FB6D06E001B01E4 /* SendAsPostShareExtension.appex in Embed App Extensions */,
			);
			name = "Embed App Extensions";
			runOnlyForDeploymentPostprocessing = 0;
		};
		A1DDD1C11FDB8C58009EBC27 /* Embed App Extensions */ = {
			isa = PBXCopyFilesBuildPhase;
			buildActionMask = 2147483647;
			dstPath = "";
			dstSubfolderSpec = 13;
			files = (
				A1DDD1BD1FDB8C58009EBC27 /* SendAsPostMacShareExtension.appex in Embed App Extensions */,
			);
			name = "Embed App Extensions";
			runOnlyForDeploymentPostprocessing = 0;
		};
/* End PBXCopyFilesBuildPhase section */

/* Begin PBXFileReference section */
		1FCA628BE9B4566E27761B48 /* Pods_Send_As_Post_Share_Extension.framework */ = {isa = PBXFileReference; explicitFileType = wrapper.framework; includeInIndex = 0; path = Pods_Send_As_Post_Share_Extension.framework; sourceTree = BUILT_PRODUCTS_DIR; };
		248035CCA0B029DE09F94D48 /* Pods-SendAsPostShareExtension.debug.xcconfig */ = {isa = PBXFileReference; includeInIndex = 1; lastKnownFileType = text.xcconfig; name = "Pods-SendAsPostShareExtension.debug.xcconfig"; path = "Pods/Target Support Files/Pods-SendAsPostShareExtension/Pods-SendAsPostShareExtension.debug.xcconfig"; sourceTree = "<group>"; };
		6C2C74150AA18916633C5D9D /* Pods_Send_As_Post.framework */ = {isa = PBXFileReference; explicitFileType = wrapper.framework; includeInIndex = 0; path = Pods_Send_As_Post.framework; sourceTree = BUILT_PRODUCTS_DIR; };
		8569578046C9B36346451632 /* Pods-SendAsPostShareExtension.release.xcconfig */ = {isa = PBXFileReference; includeInIndex = 1; lastKnownFileType = text.xcconfig; name = "Pods-SendAsPostShareExtension.release.xcconfig"; path = "Pods/Target Support Files/Pods-SendAsPostShareExtension/Pods-SendAsPostShareExtension.release.xcconfig"; sourceTree = "<group>"; };
		88C526780CFB8EA189CE5FB7 /* Pods_SendAsPostShareExtension.framework */ = {isa = PBXFileReference; explicitFileType = wrapper.framework; includeInIndex = 0; path = Pods_SendAsPostShareExtension.framework; sourceTree = BUILT_PRODUCTS_DIR; };
		9CB2F3B155EBCF97F0519A9C /* Pods-Send As Post.debug.xcconfig */ = {isa = PBXFileReference; includeInIndex = 1; lastKnownFileType = text.xcconfig; name = "Pods-Send As Post.debug.xcconfig"; path = "Pods/Target Support Files/Pods-Send As Post/Pods-Send As Post.debug.xcconfig"; sourceTree = "<group>"; };
		A12393021FD733C8006859A0 /* SetupViewController.swift */ = {isa = PBXFileReference; lastKnownFileType = sourcecode.swift; path = SetupViewController.swift; sourceTree = "<group>"; };
		A12393061FD73638006859A0 /* ParametersViewController.swift */ = {isa = PBXFileReference; lastKnownFileType = sourcecode.swift; path = ParametersViewController.swift; sourceTree = "<group>"; };
		A12393071FD73638006859A0 /* ParametersViewController.xib */ = {isa = PBXFileReference; lastKnownFileType = file.xib; path = ParametersViewController.xib; sourceTree = "<group>"; };
		A128102C1FB6CFE2001B01E4 /* SendAsPost.app */ = {isa = PBXFileReference; explicitFileType = wrapper.application; includeInIndex = 0; path = SendAsPost.app; sourceTree = BUILT_PRODUCTS_DIR; };
		A128102F1FB6CFE2001B01E4 /* AppDelegate.swift */ = {isa = PBXFileReference; lastKnownFileType = sourcecode.swift; path = AppDelegate.swift; sourceTree = "<group>"; };
		A12810311FB6CFE2001B01E4 /* ConfigViewController.swift */ = {isa = PBXFileReference; lastKnownFileType = sourcecode.swift; path = ConfigViewController.swift; sourceTree = "<group>"; };
		A12810341FB6CFE2001B01E4 /* Base */ = {isa = PBXFileReference; lastKnownFileType = file.storyboard; name = Base; path = Base.lproj/Main.storyboard; sourceTree = "<group>"; };
		A12810361FB6CFE2001B01E4 /* Assets.xcassets */ = {isa = PBXFileReference; lastKnownFileType = folder.assetcatalog; path = Assets.xcassets; sourceTree = "<group>"; };
		A12810391FB6CFE2001B01E4 /* Base */ = {isa = PBXFileReference; lastKnownFileType = file.storyboard; name = Base; path = Base.lproj/LaunchScreen.storyboard; sourceTree = "<group>"; };
		A128103B1FB6CFE2001B01E4 /* Info.plist */ = {isa = PBXFileReference; lastKnownFileType = text.plist.xml; path = Info.plist; sourceTree = "<group>"; };
		A12810451FB6D06D001B01E4 /* SendAsPostShareExtension.appex */ = {isa = PBXFileReference; explicitFileType = "wrapper.app-extension"; includeInIndex = 0; path = SendAsPostShareExtension.appex; sourceTree = BUILT_PRODUCTS_DIR; };
		A12810471FB6D06E001B01E4 /* ShareViewController.swift */ = {isa = PBXFileReference; lastKnownFileType = sourcecode.swift; path = ShareViewController.swift; sourceTree = "<group>"; };
		A128104A1FB6D06E001B01E4 /* Base */ = {isa = PBXFileReference; lastKnownFileType = file.storyboard; name = Base; path = Base.lproj/MainInterface.storyboard; sourceTree = "<group>"; };
		A128104C1FB6D06E001B01E4 /* Info.plist */ = {isa = PBXFileReference; lastKnownFileType = text.plist.xml; path = Info.plist; sourceTree = "<group>"; };
		A12810541FB6D5C0001B01E4 /* AddUrlViewController.swift */ = {isa = PBXFileReference; lastKnownFileType = sourcecode.swift; path = AddUrlViewController.swift; sourceTree = "<group>"; };
		A12810561FB6D5CD001B01E4 /* SelectUrlViewController.swift */ = {isa = PBXFileReference; lastKnownFileType = sourcecode.swift; path = SelectUrlViewController.swift; sourceTree = "<group>"; };
		A12810581FB6D697001B01E4 /* SendAsPostShareExtension.entitlements */ = {isa = PBXFileReference; lastKnownFileType = text.plist.entitlements; path = SendAsPostShareExtension.entitlements; sourceTree = "<group>"; };
		A12810591FB6D6BA001B01E4 /* SendAsPost.entitlements */ = {isa = PBXFileReference; lastKnownFileType = text.plist.entitlements; path = SendAsPost.entitlements; sourceTree = "<group>"; };
		A1308DEC1FBEE908006F1464 /* Share.js */ = {isa = PBXFileReference; lastKnownFileType = sourcecode.javascript; path = Share.js; sourceTree = "<group>"; };
		A1308E131FBF42F0006F1464 /* EditTitleViewController.swift */ = {isa = PBXFileReference; lastKnownFileType = sourcecode.swift; path = EditTitleViewController.swift; sourceTree = "<group>"; };
		A13447CC1FB730290098F365 /* EditParamViewController.swift */ = {isa = PBXFileReference; lastKnownFileType = sourcecode.swift; path = EditParamViewController.swift; sourceTree = "<group>"; };
		A140A1931FD70C940068A7CB /* DefaultFont.swift */ = {isa = PBXFileReference; lastKnownFileType = sourcecode.swift; path = DefaultFont.swift; sourceTree = "<group>"; };
		A140A1951FD7200B0068A7CB /* AboutViewController.swift */ = {isa = PBXFileReference; lastKnownFileType = sourcecode.swift; path = AboutViewController.swift; sourceTree = "<group>"; };
		A140A1971FD7328B0068A7CB /* LandingViewController.swift */ = {isa = PBXFileReference; lastKnownFileType = sourcecode.swift; path = LandingViewController.swift; sourceTree = "<group>"; };
		A1ACF0F21FFFDCA500CBCBA6 /* StoreKit.framework */ = {isa = PBXFileReference; lastKnownFileType = wrapper.framework; name = StoreKit.framework; path = Platforms/MacOSX.platform/Developer/SDKs/MacOSX10.13.sdk/System/Library/Frameworks/StoreKit.framework; sourceTree = DEVELOPER_DIR; };
		A1ACF0F41FFFF7F800CBCBA6 /* TipJarViewController.swift */ = {isa = PBXFileReference; lastKnownFileType = sourcecode.swift; path = TipJarViewController.swift; sourceTree = "<group>"; };
		A1DDD19C1FDB8B94009EBC27 /* Send As POST.app */ = {isa = PBXFileReference; explicitFileType = wrapper.application; includeInIndex = 0; path = "Send As POST.app"; sourceTree = BUILT_PRODUCTS_DIR; };
		A1DDD19E1FDB8B94009EBC27 /* AppDelegate.swift */ = {isa = PBXFileReference; lastKnownFileType = sourcecode.swift; path = AppDelegate.swift; sourceTree = "<group>"; };
		A1DDD1A01FDB8B94009EBC27 /* MainViewController.swift */ = {isa = PBXFileReference; lastKnownFileType = sourcecode.swift; path = MainViewController.swift; sourceTree = "<group>"; };
		A1DDD1A21FDB8B94009EBC27 /* Assets.xcassets */ = {isa = PBXFileReference; lastKnownFileType = folder.assetcatalog; path = Assets.xcassets; sourceTree = "<group>"; };
		A1DDD1A51FDB8B94009EBC27 /* Base */ = {isa = PBXFileReference; lastKnownFileType = file.storyboard; name = Base; path = Base.lproj/Main.storyboard; sourceTree = "<group>"; };
		A1DDD1A71FDB8B94009EBC27 /* Info.plist */ = {isa = PBXFileReference; lastKnownFileType = text.plist.xml; path = Info.plist; sourceTree = "<group>"; };
		A1DDD1A81FDB8B94009EBC27 /* SendAsPostMac.entitlements */ = {isa = PBXFileReference; lastKnownFileType = text.plist.entitlements; path = SendAsPostMac.entitlements; sourceTree = "<group>"; };
		A1DDD1B01FDB8C58009EBC27 /* SendAsPostMacShareExtension.appex */ = {isa = PBXFileReference; explicitFileType = "wrapper.app-extension"; includeInIndex = 0; path = SendAsPostMacShareExtension.appex; sourceTree = BUILT_PRODUCTS_DIR; };
		A1DDD1B41FDB8C58009EBC27 /* ShareViewController.swift */ = {isa = PBXFileReference; lastKnownFileType = sourcecode.swift; path = ShareViewController.swift; sourceTree = "<group>"; };
		A1DDD1B71FDB8C58009EBC27 /* Base */ = {isa = PBXFileReference; lastKnownFileType = file.xib; name = Base; path = Base.lproj/ShareViewController.xib; sourceTree = "<group>"; };
		A1DDD1B91FDB8C58009EBC27 /* Info.plist */ = {isa = PBXFileReference; lastKnownFileType = text.plist.xml; path = Info.plist; sourceTree = "<group>"; };
		A1DDD1BA1FDB8C58009EBC27 /* SendAsPostMacShareExtension.entitlements */ = {isa = PBXFileReference; lastKnownFileType = text.plist.entitlements; path = SendAsPostMacShareExtension.entitlements; sourceTree = "<group>"; };
		A1DDD1C51FDC4932009EBC27 /* Share.js */ = {isa = PBXFileReference; fileEncoding = 4; lastKnownFileType = sourcecode.javascript; path = Share.js; sourceTree = "<group>"; };
		A1DDD1C81FDC49BC009EBC27 /* DataExtension.swift */ = {isa = PBXFileReference; lastKnownFileType = sourcecode.swift; path = DataExtension.swift; sourceTree = "<group>"; };
		A1DDD1CD1FDC4B8D009EBC27 /* BackgroundUploader.swift */ = {isa = PBXFileReference; lastKnownFileType = sourcecode.swift; path = BackgroundUploader.swift; sourceTree = "<group>"; };
		A1DDD1D21FDC4F48009EBC27 /* RequestManager.swift */ = {isa = PBXFileReference; lastKnownFileType = sourcecode.swift; path = RequestManager.swift; sourceTree = "<group>"; };
		A1DDD1D51FDC7234009EBC27 /* SharedDefaults.swift */ = {isa = PBXFileReference; lastKnownFileType = sourcecode.swift; path = SharedDefaults.swift; sourceTree = "<group>"; };
		A1DDD1DA1FDC78EC009EBC27 /* ValidUrl.swift */ = {isa = PBXFileReference; lastKnownFileType = sourcecode.swift; path = ValidUrl.swift; sourceTree = "<group>"; };
		AD5DBCA9B50D855030A0C26C /* Pods_SendAsPost.framework */ = {isa = PBXFileReference; explicitFileType = wrapper.framework; includeInIndex = 0; path = Pods_SendAsPost.framework; sourceTree = BUILT_PRODUCTS_DIR; };
		B19F0F75306E8D6BA70EC33B /* Pods-Send As Post Share Extension.debug.xcconfig */ = {isa = PBXFileReference; includeInIndex = 1; lastKnownFileType = text.xcconfig; name = "Pods-Send As Post Share Extension.debug.xcconfig"; path = "Pods/Target Support Files/Pods-Send As Post Share Extension/Pods-Send As Post Share Extension.debug.xcconfig"; sourceTree = "<group>"; };
		B38FAE3D05746BFD345B47D2 /* Pods-Send As Post Share Extension.release.xcconfig */ = {isa = PBXFileReference; includeInIndex = 1; lastKnownFileType = text.xcconfig; name = "Pods-Send As Post Share Extension.release.xcconfig"; path = "Pods/Target Support Files/Pods-Send As Post Share Extension/Pods-Send As Post Share Extension.release.xcconfig"; sourceTree = "<group>"; };
		C7403D5090A61DAECA774CDF /* Pods-SendAsPost.debug.xcconfig */ = {isa = PBXFileReference; includeInIndex = 1; lastKnownFileType = text.xcconfig; name = "Pods-SendAsPost.debug.xcconfig"; path = "Pods/Target Support Files/Pods-SendAsPost/Pods-SendAsPost.debug.xcconfig"; sourceTree = "<group>"; };
		D93EE95E0C80AE9E6D322CC7 /* Pods-SendAsPost.release.xcconfig */ = {isa = PBXFileReference; includeInIndex = 1; lastKnownFileType = text.xcconfig; name = "Pods-SendAsPost.release.xcconfig"; path = "Pods/Target Support Files/Pods-SendAsPost/Pods-SendAsPost.release.xcconfig"; sourceTree = "<group>"; };
		DD415D4F496AEB614DA1C257 /* Pods-Send As Post.release.xcconfig */ = {isa = PBXFileReference; includeInIndex = 1; lastKnownFileType = text.xcconfig; name = "Pods-Send As Post.release.xcconfig"; path = "Pods/Target Support Files/Pods-Send As Post/Pods-Send As Post.release.xcconfig"; sourceTree = "<group>"; };
/* End PBXFileReference section */

/* Begin PBXFrameworksBuildPhase section */
		A12810291FB6CFE2001B01E4 /* Frameworks */ = {
			isa = PBXFrameworksBuildPhase;
			buildActionMask = 2147483647;
			files = (
				E2ACC1C6525FB517626F0711 /* Pods_SendAsPost.framework in Frameworks */,
			);
			runOnlyForDeploymentPostprocessing = 0;
		};
		A12810421FB6D06D001B01E4 /* Frameworks */ = {
			isa = PBXFrameworksBuildPhase;
			buildActionMask = 2147483647;
			files = (
				F2EE4721C072C43A28E00646 /* Pods_SendAsPostShareExtension.framework in Frameworks */,
			);
			runOnlyForDeploymentPostprocessing = 0;
		};
		A1DDD1991FDB8B94009EBC27 /* Frameworks */ = {
			isa = PBXFrameworksBuildPhase;
			buildActionMask = 2147483647;
			files = (
				A1ACF0F31FFFDCA500CBCBA6 /* StoreKit.framework in Frameworks */,
			);
			runOnlyForDeploymentPostprocessing = 0;
		};
		A1DDD1AD1FDB8C58009EBC27 /* Frameworks */ = {
			isa = PBXFrameworksBuildPhase;
			buildActionMask = 2147483647;
			files = (
			);
			runOnlyForDeploymentPostprocessing = 0;
		};
/* End PBXFrameworksBuildPhase section */

/* Begin PBXGroup section */
		1E346001BC499C57D0D982CB /* Frameworks */ = {
			isa = PBXGroup;
			children = (
				A1ACF0F21FFFDCA500CBCBA6 /* StoreKit.framework */,
				6C2C74150AA18916633C5D9D /* Pods_Send_As_Post.framework */,
				1FCA628BE9B4566E27761B48 /* Pods_Send_As_Post_Share_Extension.framework */,
				AD5DBCA9B50D855030A0C26C /* Pods_SendAsPost.framework */,
				88C526780CFB8EA189CE5FB7 /* Pods_SendAsPostShareExtension.framework */,
			);
			name = Frameworks;
			sourceTree = "<group>";
		};
		83082F12552C501185549BE1 /* Pods */ = {
			isa = PBXGroup;
			children = (
				9CB2F3B155EBCF97F0519A9C /* Pods-Send As Post.debug.xcconfig */,
				DD415D4F496AEB614DA1C257 /* Pods-Send As Post.release.xcconfig */,
				B19F0F75306E8D6BA70EC33B /* Pods-Send As Post Share Extension.debug.xcconfig */,
				B38FAE3D05746BFD345B47D2 /* Pods-Send As Post Share Extension.release.xcconfig */,
				C7403D5090A61DAECA774CDF /* Pods-SendAsPost.debug.xcconfig */,
				D93EE95E0C80AE9E6D322CC7 /* Pods-SendAsPost.release.xcconfig */,
				248035CCA0B029DE09F94D48 /* Pods-SendAsPostShareExtension.debug.xcconfig */,
				8569578046C9B36346451632 /* Pods-SendAsPostShareExtension.release.xcconfig */,
			);
			name = Pods;
			sourceTree = "<group>";
		};
		A12810231FB6CFE2001B01E4 = {
			isa = PBXGroup;
			children = (
				A1DDD1C71FDC49A8009EBC27 /* Shared */,
				A128102E1FB6CFE2001B01E4 /* SendAsPost */,
				A12810461FB6D06E001B01E4 /* SendAsPostShareExtension */,
				A1DDD19D1FDB8B94009EBC27 /* SendAsPostMac */,
				A1DDD1B11FDB8C58009EBC27 /* SendAsPostMacShareExtension */,
				A128102D1FB6CFE2001B01E4 /* Products */,
				83082F12552C501185549BE1 /* Pods */,
				1E346001BC499C57D0D982CB /* Frameworks */,
			);
			sourceTree = "<group>";
		};
		A128102D1FB6CFE2001B01E4 /* Products */ = {
			isa = PBXGroup;
			children = (
				A128102C1FB6CFE2001B01E4 /* SendAsPost.app */,
				A12810451FB6D06D001B01E4 /* SendAsPostShareExtension.appex */,
				A1DDD19C1FDB8B94009EBC27 /* Send As POST.app */,
				A1DDD1B01FDB8C58009EBC27 /* SendAsPostMacShareExtension.appex */,
			);
			name = Products;
			sourceTree = "<group>";
		};
		A128102E1FB6CFE2001B01E4 /* SendAsPost */ = {
			isa = PBXGroup;
			children = (
				A12810591FB6D6BA001B01E4 /* SendAsPost.entitlements */,
				A128102F1FB6CFE2001B01E4 /* AppDelegate.swift */,
				A140A1951FD7200B0068A7CB /* AboutViewController.swift */,
				A140A1931FD70C940068A7CB /* DefaultFont.swift */,
				A13447CC1FB730290098F365 /* EditParamViewController.swift */,
				A12810311FB6CFE2001B01E4 /* ConfigViewController.swift */,
				A140A1971FD7328B0068A7CB /* LandingViewController.swift */,
				A12393021FD733C8006859A0 /* SetupViewController.swift */,
				A1ACF0F41FFFF7F800CBCBA6 /* TipJarViewController.swift */,
				A12393061FD73638006859A0 /* ParametersViewController.swift */,
				A12393071FD73638006859A0 /* ParametersViewController.xib */,
				A12810331FB6CFE2001B01E4 /* Main.storyboard */,
				A12810361FB6CFE2001B01E4 /* Assets.xcassets */,
				A12810381FB6CFE2001B01E4 /* LaunchScreen.storyboard */,
				A128103B1FB6CFE2001B01E4 /* Info.plist */,
			);
			path = SendAsPost;
			sourceTree = "<group>";
		};
		A12810461FB6D06E001B01E4 /* SendAsPostShareExtension */ = {
			isa = PBXGroup;
			children = (
				A12810581FB6D697001B01E4 /* SendAsPostShareExtension.entitlements */,
				A12810541FB6D5C0001B01E4 /* AddUrlViewController.swift */,
				A12810471FB6D06E001B01E4 /* ShareViewController.swift */,
				A12810561FB6D5CD001B01E4 /* SelectUrlViewController.swift */,
				A1308E131FBF42F0006F1464 /* EditTitleViewController.swift */,
				A1308DEC1FBEE908006F1464 /* Share.js */,
				A12810491FB6D06E001B01E4 /* MainInterface.storyboard */,
				A128104C1FB6D06E001B01E4 /* Info.plist */,
			);
			path = SendAsPostShareExtension;
			sourceTree = "<group>";
		};
		A1DDD19D1FDB8B94009EBC27 /* SendAsPostMac */ = {
			isa = PBXGroup;
			children = (
				A1DDD19E1FDB8B94009EBC27 /* AppDelegate.swift */,
				A1DDD1A01FDB8B94009EBC27 /* MainViewController.swift */,
				A1DDD1A21FDB8B94009EBC27 /* Assets.xcassets */,
				A1DDD1A41FDB8B94009EBC27 /* Main.storyboard */,
				A1DDD1A71FDB8B94009EBC27 /* Info.plist */,
				A1DDD1A81FDB8B94009EBC27 /* SendAsPostMac.entitlements */,
			);
			path = SendAsPostMac;
			sourceTree = "<group>";
		};
		A1DDD1B11FDB8C58009EBC27 /* SendAsPostMacShareExtension */ = {
			isa = PBXGroup;
			children = (
				A1DDD1C51FDC4932009EBC27 /* Share.js */,
				A1DDD1B41FDB8C58009EBC27 /* ShareViewController.swift */,
				A1DDD1B61FDB8C58009EBC27 /* ShareViewController.xib */,
				A1DDD1B91FDB8C58009EBC27 /* Info.plist */,
				A1DDD1BA1FDB8C58009EBC27 /* SendAsPostMacShareExtension.entitlements */,
			);
			path = SendAsPostMacShareExtension;
			sourceTree = "<group>";
		};
		A1DDD1C71FDC49A8009EBC27 /* Shared */ = {
			isa = PBXGroup;
			children = (
				A1DDD1C81FDC49BC009EBC27 /* DataExtension.swift */,
				A1DDD1CD1FDC4B8D009EBC27 /* BackgroundUploader.swift */,
				A1DDD1D21FDC4F48009EBC27 /* RequestManager.swift */,
				A1DDD1D51FDC7234009EBC27 /* SharedDefaults.swift */,
				A1DDD1DA1FDC78EC009EBC27 /* ValidUrl.swift */,
			);
			path = Shared;
			sourceTree = "<group>";
		};
/* End PBXGroup section */

/* Begin PBXNativeTarget section */
		A128102B1FB6CFE2001B01E4 /* SendAsPost */ = {
			isa = PBXNativeTarget;
			buildConfigurationList = A128103E1FB6CFE2001B01E4 /* Build configuration list for PBXNativeTarget "SendAsPost" */;
			buildPhases = (
				4A86CD4CD8D0F5F7177158B9 /* [CP] Check Pods Manifest.lock */,
				A12810281FB6CFE2001B01E4 /* Sources */,
				A12810291FB6CFE2001B01E4 /* Frameworks */,
				A128102A1FB6CFE2001B01E4 /* Resources */,
				A12810531FB6D06E001B01E4 /* Embed App Extensions */,
				B6C630714DEB6371C4A6D393 /* [CP] Embed Pods Frameworks */,
				69BE90477E85DCA48CF53982 /* [CP] Copy Pods Resources */,
			);
			buildRules = (
			);
			dependencies = (
				A128104E1FB6D06E001B01E4 /* PBXTargetDependency */,
			);
			name = SendAsPost;
			productName = "Send As Post";
			productReference = A128102C1FB6CFE2001B01E4 /* SendAsPost.app */;
			productType = "com.apple.product-type.application";
		};
		A12810441FB6D06D001B01E4 /* SendAsPostShareExtension */ = {
			isa = PBXNativeTarget;
			buildConfigurationList = A12810501FB6D06E001B01E4 /* Build configuration list for PBXNativeTarget "SendAsPostShareExtension" */;
			buildPhases = (
				4973C278C058793993A79782 /* [CP] Check Pods Manifest.lock */,
				A12810411FB6D06D001B01E4 /* Sources */,
				A12810421FB6D06D001B01E4 /* Frameworks */,
				A12810431FB6D06D001B01E4 /* Resources */,
				2AD98275BEE415C1049A3A25 /* [CP] Copy Pods Resources */,
			);
			buildRules = (
			);
			dependencies = (
			);
			name = SendAsPostShareExtension;
			productName = "Send As Post Share Extension";
			productReference = A12810451FB6D06D001B01E4 /* SendAsPostShareExtension.appex */;
			productType = "com.apple.product-type.app-extension";
		};
		A1DDD19B1FDB8B94009EBC27 /* SendAsPostMac */ = {
			isa = PBXNativeTarget;
			buildConfigurationList = A1DDD1AB1FDB8B94009EBC27 /* Build configuration list for PBXNativeTarget "SendAsPostMac" */;
			buildPhases = (
				A1DDD1981FDB8B94009EBC27 /* Sources */,
				A1DDD1991FDB8B94009EBC27 /* Frameworks */,
				A1DDD19A1FDB8B94009EBC27 /* Resources */,
				A1DDD1C11FDB8C58009EBC27 /* Embed App Extensions */,
			);
			buildRules = (
			);
			dependencies = (
				A1DDD1BC1FDB8C58009EBC27 /* PBXTargetDependency */,
			);
			name = SendAsPostMac;
			productName = SendAsPostMac;
			productReference = A1DDD19C1FDB8B94009EBC27 /* Send As POST.app */;
			productType = "com.apple.product-type.application";
		};
		A1DDD1AF1FDB8C58009EBC27 /* SendAsPostMacShareExtension */ = {
			isa = PBXNativeTarget;
			buildConfigurationList = A1DDD1BE1FDB8C58009EBC27 /* Build configuration list for PBXNativeTarget "SendAsPostMacShareExtension" */;
			buildPhases = (
				A1DDD1AC1FDB8C58009EBC27 /* Sources */,
				A1DDD1AD1FDB8C58009EBC27 /* Frameworks */,
				A1DDD1AE1FDB8C58009EBC27 /* Resources */,
			);
			buildRules = (
			);
			dependencies = (
			);
			name = SendAsPostMacShareExtension;
			productName = SendAsPostMacShareExtension;
			productReference = A1DDD1B01FDB8C58009EBC27 /* SendAsPostMacShareExtension.appex */;
			productType = "com.apple.product-type.app-extension";
		};
/* End PBXNativeTarget section */

/* Begin PBXProject section */
		A12810241FB6CFE2001B01E4 /* Project object */ = {
			isa = PBXProject;
			attributes = {
				LastSwiftUpdateCheck = 0920;
				LastUpgradeCheck = 0910;
				ORGANIZATIONNAME = APB;
				TargetAttributes = {
					A128102B1FB6CFE2001B01E4 = {
						CreatedOnToolsVersion = 9.1;
						ProvisioningStyle = Automatic;
						SystemCapabilities = {
							com.apple.ApplicationGroups.iOS = {
								enabled = 1;
							};
						};
					};
					A12810441FB6D06D001B01E4 = {
						CreatedOnToolsVersion = 9.1;
						ProvisioningStyle = Automatic;
						SystemCapabilities = {
							com.apple.ApplicationGroups.iOS = {
								enabled = 1;
							};
						};
					};
					A1DDD19B1FDB8B94009EBC27 = {
						CreatedOnToolsVersion = 9.2;
						ProvisioningStyle = Automatic;
						SystemCapabilities = {
							com.apple.InAppPurchase = {
								enabled = 1;
							};
						};
					};
					A1DDD1AF1FDB8C58009EBC27 = {
						CreatedOnToolsVersion = 9.2;
						ProvisioningStyle = Automatic;
					};
				};
			};
			buildConfigurationList = A12810271FB6CFE2001B01E4 /* Build configuration list for PBXProject "SendAsPost" */;
			compatibilityVersion = "Xcode 8.0";
			developmentRegion = en;
			hasScannedForEncodings = 0;
			knownRegions = (
				en,
				Base,
			);
			mainGroup = A12810231FB6CFE2001B01E4;
			productRefGroup = A128102D1FB6CFE2001B01E4 /* Products */;
			projectDirPath = "";
			projectRoot = "";
			targets = (
				A128102B1FB6CFE2001B01E4 /* SendAsPost */,
				A12810441FB6D06D001B01E4 /* SendAsPostShareExtension */,
				A1DDD19B1FDB8B94009EBC27 /* SendAsPostMac */,
				A1DDD1AF1FDB8C58009EBC27 /* SendAsPostMacShareExtension */,
			);
		};
/* End PBXProject section */

/* Begin PBXResourcesBuildPhase section */
		A128102A1FB6CFE2001B01E4 /* Resources */ = {
			isa = PBXResourcesBuildPhase;
			buildActionMask = 2147483647;
			files = (
				A12393091FD73638006859A0 /* ParametersViewController.xib in Resources */,
				A128103A1FB6CFE2001B01E4 /* LaunchScreen.storyboard in Resources */,
				A12810371FB6CFE2001B01E4 /* Assets.xcassets in Resources */,
				A12810351FB6CFE2001B01E4 /* Main.storyboard in Resources */,
			);
			runOnlyForDeploymentPostprocessing = 0;
		};
		A12810431FB6D06D001B01E4 /* Resources */ = {
			isa = PBXResourcesBuildPhase;
			buildActionMask = 2147483647;
			files = (
				A1308E121FBEF6A6006F1464 /* Share.js in Resources */,
				A128104B1FB6D06E001B01E4 /* MainInterface.storyboard in Resources */,
			);
			runOnlyForDeploymentPostprocessing = 0;
		};
		A1DDD19A1FDB8B94009EBC27 /* Resources */ = {
			isa = PBXResourcesBuildPhase;
			buildActionMask = 2147483647;
			files = (
				A1DDD1A31FDB8B94009EBC27 /* Assets.xcassets in Resources */,
				A1DDD1A61FDB8B94009EBC27 /* Main.storyboard in Resources */,
			);
			runOnlyForDeploymentPostprocessing = 0;
		};
		A1DDD1AE1FDB8C58009EBC27 /* Resources */ = {
			isa = PBXResourcesBuildPhase;
			buildActionMask = 2147483647;
			files = (
				A1DDD1C61FDC4933009EBC27 /* Share.js in Resources */,
				A1DDD1B81FDB8C58009EBC27 /* ShareViewController.xib in Resources */,
			);
			runOnlyForDeploymentPostprocessing = 0;
		};
/* End PBXResourcesBuildPhase section */

/* Begin PBXShellScriptBuildPhase section */
		2AD98275BEE415C1049A3A25 /* [CP] Copy Pods Resources */ = {
			isa = PBXShellScriptBuildPhase;
			buildActionMask = 2147483647;
			files = (
			);
			inputPaths = (
			);
			name = "[CP] Copy Pods Resources";
			outputPaths = (
			);
			runOnlyForDeploymentPostprocessing = 0;
			shellPath = /bin/sh;
			shellScript = "\"${SRCROOT}/Pods/Target Support Files/Pods-SendAsPostShareExtension/Pods-SendAsPostShareExtension-resources.sh\"\n";
			showEnvVarsInLog = 0;
		};
		4973C278C058793993A79782 /* [CP] Check Pods Manifest.lock */ = {
			isa = PBXShellScriptBuildPhase;
			buildActionMask = 2147483647;
			files = (
			);
			inputPaths = (
				"${PODS_PODFILE_DIR_PATH}/Podfile.lock",
				"${PODS_ROOT}/Manifest.lock",
			);
			name = "[CP] Check Pods Manifest.lock";
			outputPaths = (
				"$(DERIVED_FILE_DIR)/Pods-SendAsPostShareExtension-checkManifestLockResult.txt",
			);
			runOnlyForDeploymentPostprocessing = 0;
			shellPath = /bin/sh;
			shellScript = "diff \"${PODS_PODFILE_DIR_PATH}/Podfile.lock\" \"${PODS_ROOT}/Manifest.lock\" > /dev/null\nif [ $? != 0 ] ; then\n    # print error to STDERR\n    echo \"error: The sandbox is not in sync with the Podfile.lock. Run 'pod install' or update your CocoaPods installation.\" >&2\n    exit 1\nfi\n# This output is used by Xcode 'outputs' to avoid re-running this script phase.\necho \"SUCCESS\" > \"${SCRIPT_OUTPUT_FILE_0}\"\n";
			showEnvVarsInLog = 0;
		};
		4A86CD4CD8D0F5F7177158B9 /* [CP] Check Pods Manifest.lock */ = {
			isa = PBXShellScriptBuildPhase;
			buildActionMask = 2147483647;
			files = (
			);
			inputPaths = (
				"${PODS_PODFILE_DIR_PATH}/Podfile.lock",
				"${PODS_ROOT}/Manifest.lock",
			);
			name = "[CP] Check Pods Manifest.lock";
			outputPaths = (
				"$(DERIVED_FILE_DIR)/Pods-SendAsPost-checkManifestLockResult.txt",
			);
			runOnlyForDeploymentPostprocessing = 0;
			shellPath = /bin/sh;
			shellScript = "diff \"${PODS_PODFILE_DIR_PATH}/Podfile.lock\" \"${PODS_ROOT}/Manifest.lock\" > /dev/null\nif [ $? != 0 ] ; then\n    # print error to STDERR\n    echo \"error: The sandbox is not in sync with the Podfile.lock. Run 'pod install' or update your CocoaPods installation.\" >&2\n    exit 1\nfi\n# This output is used by Xcode 'outputs' to avoid re-running this script phase.\necho \"SUCCESS\" > \"${SCRIPT_OUTPUT_FILE_0}\"\n";
			showEnvVarsInLog = 0;
		};
		69BE90477E85DCA48CF53982 /* [CP] Copy Pods Resources */ = {
			isa = PBXShellScriptBuildPhase;
			buildActionMask = 2147483647;
			files = (
			);
			inputPaths = (
			);
			name = "[CP] Copy Pods Resources";
			outputPaths = (
			);
			runOnlyForDeploymentPostprocessing = 0;
			shellPath = /bin/sh;
			shellScript = "\"${SRCROOT}/Pods/Target Support Files/Pods-SendAsPost/Pods-SendAsPost-resources.sh\"\n";
			showEnvVarsInLog = 0;
		};
		B6C630714DEB6371C4A6D393 /* [CP] Embed Pods Frameworks */ = {
			isa = PBXShellScriptBuildPhase;
			buildActionMask = 2147483647;
			files = (
			);
			inputPaths = (
				"${SRCROOT}/Pods/Target Support Files/Pods-SendAsPost/Pods-SendAsPost-frameworks.sh",
				"${BUILT_PRODUCTS_DIR}/SnapKit/SnapKit.framework",
			);
			name = "[CP] Embed Pods Frameworks";
			outputPaths = (
				"${TARGET_BUILD_DIR}/${FRAMEWORKS_FOLDER_PATH}/SnapKit.framework",
			);
			runOnlyForDeploymentPostprocessing = 0;
			shellPath = /bin/sh;
			shellScript = "\"${SRCROOT}/Pods/Target Support Files/Pods-SendAsPost/Pods-SendAsPost-frameworks.sh\"\n";
			showEnvVarsInLog = 0;
		};
/* End PBXShellScriptBuildPhase section */

/* Begin PBXSourcesBuildPhase section */
		A12810281FB6CFE2001B01E4 /* Sources */ = {
			isa = PBXSourcesBuildPhase;
			buildActionMask = 2147483647;
			files = (
				A1ACF0F51FFFF7F800CBCBA6 /* TipJarViewController.swift in Sources */,
				A1DDD1D91FDC7277009EBC27 /* SharedDefaults.swift in Sources */,
				A140A1961FD7200B0068A7CB /* AboutViewController.swift in Sources */,
				A140A1981FD7328B0068A7CB /* LandingViewController.swift in Sources */,
				A12810321FB6CFE2001B01E4 /* ConfigViewController.swift in Sources */,
				A12810301FB6CFE2001B01E4 /* AppDelegate.swift in Sources */,
				A12393081FD73638006859A0 /* ParametersViewController.swift in Sources */,
				A12393031FD733C8006859A0 /* SetupViewController.swift in Sources */,
				A140A1941FD70C940068A7CB /* DefaultFont.swift in Sources */,
				A1DDD1CC1FDC49D6009EBC27 /* DataExtension.swift in Sources */,
				A13447CD1FB730290098F365 /* EditParamViewController.swift in Sources */,
			);
			runOnlyForDeploymentPostprocessing = 0;
		};
		A12810411FB6D06D001B01E4 /* Sources */ = {
			isa = PBXSourcesBuildPhase;
			buildActionMask = 2147483647;
			files = (
				A12810571FB6D5CD001B01E4 /* SelectUrlViewController.swift in Sources */,
				A12810551FB6D5C0001B01E4 /* AddUrlViewController.swift in Sources */,
				A12810481FB6D06E001B01E4 /* ShareViewController.swift in Sources */,
				A1308E141FBF42F0006F1464 /* EditTitleViewController.swift in Sources */,
				A1DDD1D41FDC5054009EBC27 /* RequestManager.swift in Sources */,
				A1DDD1CB1FDC49D5009EBC27 /* DataExtension.swift in Sources */,
				A1DDD1DC1FDC7993009EBC27 /* ValidUrl.swift in Sources */,
				A1DDD1D81FDC7276009EBC27 /* SharedDefaults.swift in Sources */,
				A1DDD1D01FDC4BF1009EBC27 /* BackgroundUploader.swift in Sources */,
			);
			runOnlyForDeploymentPostprocessing = 0;
		};
		A1DDD1981FDB8B94009EBC27 /* Sources */ = {
			isa = PBXSourcesBuildPhase;
			buildActionMask = 2147483647;
			files = (
				A1DDD1A11FDB8B94009EBC27 /* MainViewController.swift in Sources */,
				A1DDD1CA1FDC49D3009EBC27 /* DataExtension.swift in Sources */,
				A1DDD1D71FDC7276009EBC27 /* SharedDefaults.swift in Sources */,
				A1DDD19F1FDB8B94009EBC27 /* AppDelegate.swift in Sources */,
			);
			runOnlyForDeploymentPostprocessing = 0;
		};
		A1DDD1AC1FDB8C58009EBC27 /* Sources */ = {
			isa = PBXSourcesBuildPhase;
			buildActionMask = 2147483647;
			files = (
				A1DDD1DB1FDC78EC009EBC27 /* ValidUrl.swift in Sources */,
				A1DDD1C91FDC49BC009EBC27 /* DataExtension.swift in Sources */,
				A1DDD1D61FDC7234009EBC27 /* SharedDefaults.swift in Sources */,
				A1DDD1B51FDB8C58009EBC27 /* ShareViewController.swift in Sources */,
				A1DDD1D31FDC4F48009EBC27 /* RequestManager.swift in Sources */,
				A1DDD1CE1FDC4B8D009EBC27 /* BackgroundUploader.swift in Sources */,
			);
			runOnlyForDeploymentPostprocessing = 0;
		};
/* End PBXSourcesBuildPhase section */

/* Begin PBXTargetDependency section */
		A128104E1FB6D06E001B01E4 /* PBXTargetDependency */ = {
			isa = PBXTargetDependency;
			target = A12810441FB6D06D001B01E4 /* SendAsPostShareExtension */;
			targetProxy = A128104D1FB6D06E001B01E4 /* PBXContainerItemProxy */;
		};
		A1DDD1BC1FDB8C58009EBC27 /* PBXTargetDependency */ = {
			isa = PBXTargetDependency;
			target = A1DDD1AF1FDB8C58009EBC27 /* SendAsPostMacShareExtension */;
			targetProxy = A1DDD1BB1FDB8C58009EBC27 /* PBXContainerItemProxy */;
		};
/* End PBXTargetDependency section */

/* Begin PBXVariantGroup section */
		A12810331FB6CFE2001B01E4 /* Main.storyboard */ = {
			isa = PBXVariantGroup;
			children = (
				A12810341FB6CFE2001B01E4 /* Base */,
			);
			name = Main.storyboard;
			sourceTree = "<group>";
		};
		A12810381FB6CFE2001B01E4 /* LaunchScreen.storyboard */ = {
			isa = PBXVariantGroup;
			children = (
				A12810391FB6CFE2001B01E4 /* Base */,
			);
			name = LaunchScreen.storyboard;
			sourceTree = "<group>";
		};
		A12810491FB6D06E001B01E4 /* MainInterface.storyboard */ = {
			isa = PBXVariantGroup;
			children = (
				A128104A1FB6D06E001B01E4 /* Base */,
			);
			name = MainInterface.storyboard;
			sourceTree = "<group>";
		};
		A1DDD1A41FDB8B94009EBC27 /* Main.storyboard */ = {
			isa = PBXVariantGroup;
			children = (
				A1DDD1A51FDB8B94009EBC27 /* Base */,
			);
			name = Main.storyboard;
			sourceTree = "<group>";
		};
		A1DDD1B61FDB8C58009EBC27 /* ShareViewController.xib */ = {
			isa = PBXVariantGroup;
			children = (
				A1DDD1B71FDB8C58009EBC27 /* Base */,
			);
			name = ShareViewController.xib;
			sourceTree = "<group>";
		};
/* End PBXVariantGroup section */

/* Begin XCBuildConfiguration section */
		A128103C1FB6CFE2001B01E4 /* Debug */ = {
			isa = XCBuildConfiguration;
			buildSettings = {
				ALWAYS_SEARCH_USER_PATHS = NO;
				CLANG_ANALYZER_NONNULL = YES;
				CLANG_ANALYZER_NUMBER_OBJECT_CONVERSION = YES_AGGRESSIVE;
				CLANG_CXX_LANGUAGE_STANDARD = "gnu++14";
				CLANG_CXX_LIBRARY = "libc++";
				CLANG_ENABLE_MODULES = YES;
				CLANG_ENABLE_OBJC_ARC = YES;
				CLANG_WARN_BLOCK_CAPTURE_AUTORELEASING = YES;
				CLANG_WARN_BOOL_CONVERSION = YES;
				CLANG_WARN_COMMA = YES;
				CLANG_WARN_CONSTANT_CONVERSION = YES;
				CLANG_WARN_DIRECT_OBJC_ISA_USAGE = YES_ERROR;
				CLANG_WARN_DOCUMENTATION_COMMENTS = YES;
				CLANG_WARN_EMPTY_BODY = YES;
				CLANG_WARN_ENUM_CONVERSION = YES;
				CLANG_WARN_INFINITE_RECURSION = YES;
				CLANG_WARN_INT_CONVERSION = YES;
				CLANG_WARN_NON_LITERAL_NULL_CONVERSION = YES;
				CLANG_WARN_OBJC_LITERAL_CONVERSION = YES;
				CLANG_WARN_OBJC_ROOT_CLASS = YES_ERROR;
				CLANG_WARN_RANGE_LOOP_ANALYSIS = YES;
				CLANG_WARN_STRICT_PROTOTYPES = YES;
				CLANG_WARN_SUSPICIOUS_MOVE = YES;
				CLANG_WARN_UNGUARDED_AVAILABILITY = YES_AGGRESSIVE;
				CLANG_WARN_UNREACHABLE_CODE = YES;
				CLANG_WARN__DUPLICATE_METHOD_MATCH = YES;
				CODE_SIGN_IDENTITY = "iPhone Developer";
				COPY_PHASE_STRIP = NO;
				DEBUG_INFORMATION_FORMAT = dwarf;
				ENABLE_STRICT_OBJC_MSGSEND = YES;
				ENABLE_TESTABILITY = YES;
				GCC_C_LANGUAGE_STANDARD = gnu11;
				GCC_DYNAMIC_NO_PIC = NO;
				GCC_NO_COMMON_BLOCKS = YES;
				GCC_OPTIMIZATION_LEVEL = 0;
				GCC_PREPROCESSOR_DEFINITIONS = (
					"DEBUG=1",
					"$(inherited)",
				);
				GCC_WARN_64_TO_32_BIT_CONVERSION = YES;
				GCC_WARN_ABOUT_RETURN_TYPE = YES_ERROR;
				GCC_WARN_UNDECLARED_SELECTOR = YES;
				GCC_WARN_UNINITIALIZED_AUTOS = YES_AGGRESSIVE;
				GCC_WARN_UNUSED_FUNCTION = YES;
				GCC_WARN_UNUSED_VARIABLE = YES;
				IPHONEOS_DEPLOYMENT_TARGET = 10.0;
				MTL_ENABLE_DEBUG_INFO = YES;
				ONLY_ACTIVE_ARCH = YES;
				SDKROOT = iphoneos;
				SWIFT_ACTIVE_COMPILATION_CONDITIONS = DEBUG;
				SWIFT_OPTIMIZATION_LEVEL = "-Onone";
			};
			name = Debug;
		};
		A128103D1FB6CFE2001B01E4 /* Release */ = {
			isa = XCBuildConfiguration;
			buildSettings = {
				ALWAYS_SEARCH_USER_PATHS = NO;
				CLANG_ANALYZER_NONNULL = YES;
				CLANG_ANALYZER_NUMBER_OBJECT_CONVERSION = YES_AGGRESSIVE;
				CLANG_CXX_LANGUAGE_STANDARD = "gnu++14";
				CLANG_CXX_LIBRARY = "libc++";
				CLANG_ENABLE_MODULES = YES;
				CLANG_ENABLE_OBJC_ARC = YES;
				CLANG_WARN_BLOCK_CAPTURE_AUTORELEASING = YES;
				CLANG_WARN_BOOL_CONVERSION = YES;
				CLANG_WARN_COMMA = YES;
				CLANG_WARN_CONSTANT_CONVERSION = YES;
				CLANG_WARN_DIRECT_OBJC_ISA_USAGE = YES_ERROR;
				CLANG_WARN_DOCUMENTATION_COMMENTS = YES;
				CLANG_WARN_EMPTY_BODY = YES;
				CLANG_WARN_ENUM_CONVERSION = YES;
				CLANG_WARN_INFINITE_RECURSION = YES;
				CLANG_WARN_INT_CONVERSION = YES;
				CLANG_WARN_NON_LITERAL_NULL_CONVERSION = YES;
				CLANG_WARN_OBJC_LITERAL_CONVERSION = YES;
				CLANG_WARN_OBJC_ROOT_CLASS = YES_ERROR;
				CLANG_WARN_RANGE_LOOP_ANALYSIS = YES;
				CLANG_WARN_STRICT_PROTOTYPES = YES;
				CLANG_WARN_SUSPICIOUS_MOVE = YES;
				CLANG_WARN_UNGUARDED_AVAILABILITY = YES_AGGRESSIVE;
				CLANG_WARN_UNREACHABLE_CODE = YES;
				CLANG_WARN__DUPLICATE_METHOD_MATCH = YES;
				CODE_SIGN_IDENTITY = "iPhone Developer";
				COPY_PHASE_STRIP = NO;
				DEBUG_INFORMATION_FORMAT = "dwarf-with-dsym";
				ENABLE_NS_ASSERTIONS = NO;
				ENABLE_STRICT_OBJC_MSGSEND = YES;
				GCC_C_LANGUAGE_STANDARD = gnu11;
				GCC_NO_COMMON_BLOCKS = YES;
				GCC_WARN_64_TO_32_BIT_CONVERSION = YES;
				GCC_WARN_ABOUT_RETURN_TYPE = YES_ERROR;
				GCC_WARN_UNDECLARED_SELECTOR = YES;
				GCC_WARN_UNINITIALIZED_AUTOS = YES_AGGRESSIVE;
				GCC_WARN_UNUSED_FUNCTION = YES;
				GCC_WARN_UNUSED_VARIABLE = YES;
				IPHONEOS_DEPLOYMENT_TARGET = 10.0;
				MTL_ENABLE_DEBUG_INFO = NO;
				SDKROOT = iphoneos;
				SWIFT_OPTIMIZATION_LEVEL = "-Owholemodule";
				VALIDATE_PRODUCT = YES;
			};
			name = Release;
		};
		A128103F1FB6CFE2001B01E4 /* Debug */ = {
			isa = XCBuildConfiguration;
			baseConfigurationReference = C7403D5090A61DAECA774CDF /* Pods-SendAsPost.debug.xcconfig */;
			buildSettings = {
				ALWAYS_EMBED_SWIFT_STANDARD_LIBRARIES = YES;
				ASSETCATALOG_COMPILER_APPICON_NAME = AppIcon;
				CODE_SIGN_ENTITLEMENTS = SendAsPost/SendAsPost.entitlements;
				CODE_SIGN_STYLE = Automatic;
				DEVELOPMENT_TEAM = 8TW9V9HVES;
				INFOPLIST_FILE = SendAsPost/Info.plist;
				LD_RUNPATH_SEARCH_PATHS = "$(inherited) @executable_path/Frameworks";
				PRODUCT_BUNDLE_IDENTIFIER = com.sendaspost.SendAsPost;
				PRODUCT_NAME = "$(TARGET_NAME)";
				SWIFT_VERSION = 4.0;
				TARGETED_DEVICE_FAMILY = "1,2";
			};
			name = Debug;
		};
		A12810401FB6CFE2001B01E4 /* Release */ = {
			isa = XCBuildConfiguration;
			baseConfigurationReference = D93EE95E0C80AE9E6D322CC7 /* Pods-SendAsPost.release.xcconfig */;
			buildSettings = {
				ALWAYS_EMBED_SWIFT_STANDARD_LIBRARIES = YES;
				ASSETCATALOG_COMPILER_APPICON_NAME = AppIcon;
				CODE_SIGN_ENTITLEMENTS = SendAsPost/SendAsPost.entitlements;
				CODE_SIGN_STYLE = Automatic;
				DEVELOPMENT_TEAM = 8TW9V9HVES;
				INFOPLIST_FILE = SendAsPost/Info.plist;
				LD_RUNPATH_SEARCH_PATHS = "$(inherited) @executable_path/Frameworks";
				PRODUCT_BUNDLE_IDENTIFIER = com.sendaspost.SendAsPost;
				PRODUCT_NAME = "$(TARGET_NAME)";
				SWIFT_VERSION = 4.0;
				TARGETED_DEVICE_FAMILY = "1,2";
			};
			name = Release;
		};
		A12810511FB6D06E001B01E4 /* Debug */ = {
			isa = XCBuildConfiguration;
			baseConfigurationReference = 248035CCA0B029DE09F94D48 /* Pods-SendAsPostShareExtension.debug.xcconfig */;
			buildSettings = {
				CODE_SIGN_ENTITLEMENTS = SendAsPostShareExtension/SendAsPostShareExtension.entitlements;
				CODE_SIGN_STYLE = Automatic;
				DEVELOPMENT_TEAM = 8TW9V9HVES;
				INFOPLIST_FILE = SendAsPostShareExtension/Info.plist;
				LD_RUNPATH_SEARCH_PATHS = "$(inherited) @executable_path/Frameworks @executable_path/../../Frameworks";
				PRODUCT_BUNDLE_IDENTIFIER = com.sendaspost.SendAsPost.SendAsPostShareExtension;
				PRODUCT_NAME = "$(TARGET_NAME)";
				SKIP_INSTALL = YES;
				SWIFT_VERSION = 4.0;
				TARGETED_DEVICE_FAMILY = "1,2";
			};
			name = Debug;
		};
		A12810521FB6D06E001B01E4 /* Release */ = {
			isa = XCBuildConfiguration;
			baseConfigurationReference = 8569578046C9B36346451632 /* Pods-SendAsPostShareExtension.release.xcconfig */;
			buildSettings = {
				CODE_SIGN_ENTITLEMENTS = SendAsPostShareExtension/SendAsPostShareExtension.entitlements;
				CODE_SIGN_STYLE = Automatic;
				DEVELOPMENT_TEAM = 8TW9V9HVES;
				INFOPLIST_FILE = SendAsPostShareExtension/Info.plist;
				LD_RUNPATH_SEARCH_PATHS = "$(inherited) @executable_path/Frameworks @executable_path/../../Frameworks";
				PRODUCT_BUNDLE_IDENTIFIER = com.sendaspost.SendAsPost.SendAsPostShareExtension;
				PRODUCT_NAME = "$(TARGET_NAME)";
				SKIP_INSTALL = YES;
				SWIFT_VERSION = 4.0;
				TARGETED_DEVICE_FAMILY = "1,2";
			};
			name = Release;
		};
		A1DDD1A91FDB8B94009EBC27 /* Debug */ = {
			isa = XCBuildConfiguration;
			buildSettings = {
				ALWAYS_EMBED_SWIFT_STANDARD_LIBRARIES = YES;
				ASSETCATALOG_COMPILER_APPICON_NAME = AppIcon;
				CODE_SIGN_ENTITLEMENTS = SendAsPostMac/SendAsPostMac.entitlements;
				CODE_SIGN_IDENTITY = "Mac Developer";
				CODE_SIGN_STYLE = Automatic;
				COMBINE_HIDPI_IMAGES = YES;
				DEVELOPMENT_TEAM = 8TW9V9HVES;
				INFOPLIST_FILE = SendAsPostMac/Info.plist;
				LD_RUNPATH_SEARCH_PATHS = "$(inherited) @executable_path/../Frameworks";
				MACOSX_DEPLOYMENT_TARGET = 10.13;
				PRODUCT_BUNDLE_IDENTIFIER = com.sendaspost.sendaspostmac;
				PRODUCT_NAME = "Send As POST";
				SDKROOT = macosx;
				SWIFT_VERSION = 4.0;
			};
			name = Debug;
		};
		A1DDD1AA1FDB8B94009EBC27 /* Release */ = {
			isa = XCBuildConfiguration;
			buildSettings = {
				ALWAYS_EMBED_SWIFT_STANDARD_LIBRARIES = YES;
				ASSETCATALOG_COMPILER_APPICON_NAME = AppIcon;
				CODE_SIGN_ENTITLEMENTS = SendAsPostMac/SendAsPostMac.entitlements;
				CODE_SIGN_IDENTITY = "Mac Developer";
				CODE_SIGN_STYLE = Automatic;
				COMBINE_HIDPI_IMAGES = YES;
				DEVELOPMENT_TEAM = 8TW9V9HVES;
				INFOPLIST_FILE = SendAsPostMac/Info.plist;
				LD_RUNPATH_SEARCH_PATHS = "$(inherited) @executable_path/../Frameworks";
				MACOSX_DEPLOYMENT_TARGET = 10.13;
				PRODUCT_BUNDLE_IDENTIFIER = com.sendaspost.sendaspostmac;
				PRODUCT_NAME = "Send As POST";
				SDKROOT = macosx;
				SWIFT_VERSION = 4.0;
			};
			name = Release;
		};
		A1DDD1BF1FDB8C58009EBC27 /* Debug */ = {
			isa = XCBuildConfiguration;
			buildSettings = {
				CODE_SIGN_ENTITLEMENTS = SendAsPostMacShareExtension/SendAsPostMacShareExtension.entitlements;
				CODE_SIGN_IDENTITY = "Mac Developer";
				CODE_SIGN_STYLE = Automatic;
				COMBINE_HIDPI_IMAGES = YES;
				DEVELOPMENT_TEAM = 8TW9V9HVES;
				INFOPLIST_FILE = SendAsPostMacShareExtension/Info.plist;
				LD_RUNPATH_SEARCH_PATHS = "$(inherited) @executable_path/../Frameworks @executable_path/../../../../Frameworks";
				MACOSX_DEPLOYMENT_TARGET = 10.13;
				PRODUCT_BUNDLE_IDENTIFIER = com.sendaspost.sendaspostmac.SendAsPostMacShareExtension;
				PRODUCT_NAME = "$(TARGET_NAME)";
				SDKROOT = macosx;
				SKIP_INSTALL = YES;
				SWIFT_VERSION = 4.0;
			};
			name = Debug;
		};
		A1DDD1C01FDB8C58009EBC27 /* Release */ = {
			isa = XCBuildConfiguration;
			buildSettings = {
				CODE_SIGN_ENTITLEMENTS = SendAsPostMacShareExtension/SendAsPostMacShareExtension.entitlements;
				CODE_SIGN_IDENTITY = "Mac Developer";
				CODE_SIGN_STYLE = Automatic;
				COMBINE_HIDPI_IMAGES = YES;
				DEVELOPMENT_TEAM = 8TW9V9HVES;
				INFOPLIST_FILE = SendAsPostMacShareExtension/Info.plist;
				LD_RUNPATH_SEARCH_PATHS = "$(inherited) @executable_path/../Frameworks @executable_path/../../../../Frameworks";
				MACOSX_DEPLOYMENT_TARGET = 10.13;
				PRODUCT_BUNDLE_IDENTIFIER = com.sendaspost.sendaspostmac.SendAsPostMacShareExtension;
				PRODUCT_NAME = "$(TARGET_NAME)";
				SDKROOT = macosx;
				SKIP_INSTALL = YES;
				SWIFT_VERSION = 4.0;
			};
			name = Release;
		};
/* End XCBuildConfiguration section */

/* Begin XCConfigurationList section */
		A12810271FB6CFE2001B01E4 /* Build configuration list for PBXProject "SendAsPost" */ = {
			isa = XCConfigurationList;
			buildConfigurations = (
				A128103C1FB6CFE2001B01E4 /* Debug */,
				A128103D1FB6CFE2001B01E4 /* Release */,
			);
			defaultConfigurationIsVisible = 0;
			defaultConfigurationName = Release;
		};
		A128103E1FB6CFE2001B01E4 /* Build configuration list for PBXNativeTarget "SendAsPost" */ = {
			isa = XCConfigurationList;
			buildConfigurations = (
				A128103F1FB6CFE2001B01E4 /* Debug */,
				A12810401FB6CFE2001B01E4 /* Release */,
			);
			defaultConfigurationIsVisible = 0;
			defaultConfigurationName = Release;
		};
		A12810501FB6D06E001B01E4 /* Build configuration list for PBXNativeTarget "SendAsPostShareExtension" */ = {
			isa = XCConfigurationList;
			buildConfigurations = (
				A12810511FB6D06E001B01E4 /* Debug */,
				A12810521FB6D06E001B01E4 /* Release */,
			);
			defaultConfigurationIsVisible = 0;
			defaultConfigurationName = Release;
		};
		A1DDD1AB1FDB8B94009EBC27 /* Build configuration list for PBXNativeTarget "SendAsPostMac" */ = {
			isa = XCConfigurationList;
			buildConfigurations = (
				A1DDD1A91FDB8B94009EBC27 /* Debug */,
				A1DDD1AA1FDB8B94009EBC27 /* Release */,
			);
			defaultConfigurationIsVisible = 0;
			defaultConfigurationName = Release;
		};
		A1DDD1BE1FDB8C58009EBC27 /* Build configuration list for PBXNativeTarget "SendAsPostMacShareExtension" */ = {
			isa = XCConfigurationList;
			buildConfigurations = (
				A1DDD1BF1FDB8C58009EBC27 /* Debug */,
				A1DDD1C01FDB8C58009EBC27 /* Release */,
			);
			defaultConfigurationIsVisible = 0;
			defaultConfigurationName = Release;
		};
/* End XCConfigurationList section */
	};
	rootObject = A12810241FB6CFE2001B01E4 /* Project object */;
}
