// !$*UTF8*$!
{
	archiveVersion = 1;
	classes = {
	};
	objectVersion = 48;
	objects = {

/* Begin PBXBuildFile section */
		51B9D87A1583DDB7BE27065E /* Pods_Send_As_Post_Share_Extension.framework in Frameworks */ = {isa = PBXBuildFile; fileRef = 1FCA628BE9B4566E27761B48 /* Pods_Send_As_Post_Share_Extension.framework */; };
		96CF90B808EF87455FFF64E4 /* Pods_Send_As_Post.framework in Frameworks */ = {isa = PBXBuildFile; fileRef = 6C2C74150AA18916633C5D9D /* Pods_Send_As_Post.framework */; };
		A12810301FB6CFE2001B01E4 /* AppDelegate.swift in Sources */ = {isa = PBXBuildFile; fileRef = A128102F1FB6CFE2001B01E4 /* AppDelegate.swift */; };
		A12810321FB6CFE2001B01E4 /* ConfigViewController.swift in Sources */ = {isa = PBXBuildFile; fileRef = A12810311FB6CFE2001B01E4 /* ConfigViewController.swift */; };
		A12810351FB6CFE2001B01E4 /* Main.storyboard in Resources */ = {isa = PBXBuildFile; fileRef = A12810331FB6CFE2001B01E4 /* Main.storyboard */; };
		A12810371FB6CFE2001B01E4 /* Assets.xcassets in Resources */ = {isa = PBXBuildFile; fileRef = A12810361FB6CFE2001B01E4 /* Assets.xcassets */; };
		A128103A1FB6CFE2001B01E4 /* LaunchScreen.storyboard in Resources */ = {isa = PBXBuildFile; fileRef = A12810381FB6CFE2001B01E4 /* LaunchScreen.storyboard */; };
		A12810481FB6D06E001B01E4 /* ShareViewController.swift in Sources */ = {isa = PBXBuildFile; fileRef = A12810471FB6D06E001B01E4 /* ShareViewController.swift */; };
		A128104B1FB6D06E001B01E4 /* MainInterface.storyboard in Resources */ = {isa = PBXBuildFile; fileRef = A12810491FB6D06E001B01E4 /* MainInterface.storyboard */; };
		A128104F1FB6D06E001B01E4 /* Send As Post Share Extension.appex in Embed App Extensions */ = {isa = PBXBuildFile; fileRef = A12810451FB6D06D001B01E4 /* Send As Post Share Extension.appex */; settings = {ATTRIBUTES = (RemoveHeadersOnCopy, ); }; };
		A12810551FB6D5C0001B01E4 /* AddUrlViewController.swift in Sources */ = {isa = PBXBuildFile; fileRef = A12810541FB6D5C0001B01E4 /* AddUrlViewController.swift */; };
		A12810571FB6D5CD001B01E4 /* SelectUrlViewController.swift in Sources */ = {isa = PBXBuildFile; fileRef = A12810561FB6D5CD001B01E4 /* SelectUrlViewController.swift */; };
		A13447CD1FB730290098F365 /* EditParamViewController.swift in Sources */ = {isa = PBXBuildFile; fileRef = A13447CC1FB730290098F365 /* EditParamViewController.swift */; };
/* End PBXBuildFile section */

/* Begin PBXContainerItemProxy section */
		A128104D1FB6D06E001B01E4 /* PBXContainerItemProxy */ = {
			isa = PBXContainerItemProxy;
			containerPortal = A12810241FB6CFE2001B01E4 /* Project object */;
			proxyType = 1;
			remoteGlobalIDString = A12810441FB6D06D001B01E4;
			remoteInfo = "Send As Post Share Extension";
		};
/* End PBXContainerItemProxy section */

/* Begin PBXCopyFilesBuildPhase section */
		A12810531FB6D06E001B01E4 /* Embed App Extensions */ = {
			isa = PBXCopyFilesBuildPhase;
			buildActionMask = 2147483647;
			dstPath = "";
			dstSubfolderSpec = 13;
			files = (
				A128104F1FB6D06E001B01E4 /* Send As Post Share Extension.appex in Embed App Extensions */,
			);
			name = "Embed App Extensions";
			runOnlyForDeploymentPostprocessing = 0;
		};
/* End PBXCopyFilesBuildPhase section */

/* Begin PBXFileReference section */
		1FCA628BE9B4566E27761B48 /* Pods_Send_As_Post_Share_Extension.framework */ = {isa = PBXFileReference; explicitFileType = wrapper.framework; includeInIndex = 0; path = Pods_Send_As_Post_Share_Extension.framework; sourceTree = BUILT_PRODUCTS_DIR; };
		6C2C74150AA18916633C5D9D /* Pods_Send_As_Post.framework */ = {isa = PBXFileReference; explicitFileType = wrapper.framework; includeInIndex = 0; path = Pods_Send_As_Post.framework; sourceTree = BUILT_PRODUCTS_DIR; };
		9CB2F3B155EBCF97F0519A9C /* Pods-Send As Post.debug.xcconfig */ = {isa = PBXFileReference; includeInIndex = 1; lastKnownFileType = text.xcconfig; name = "Pods-Send As Post.debug.xcconfig"; path = "Pods/Target Support Files/Pods-Send As Post/Pods-Send As Post.debug.xcconfig"; sourceTree = "<group>"; };
		A128102C1FB6CFE2001B01E4 /* Send As Post.app */ = {isa = PBXFileReference; explicitFileType = wrapper.application; includeInIndex = 0; path = "Send As Post.app"; sourceTree = BUILT_PRODUCTS_DIR; };
		A128102F1FB6CFE2001B01E4 /* AppDelegate.swift */ = {isa = PBXFileReference; lastKnownFileType = sourcecode.swift; path = AppDelegate.swift; sourceTree = "<group>"; };
		A12810311FB6CFE2001B01E4 /* ConfigViewController.swift */ = {isa = PBXFileReference; lastKnownFileType = sourcecode.swift; path = ConfigViewController.swift; sourceTree = "<group>"; };
		A12810341FB6CFE2001B01E4 /* Base */ = {isa = PBXFileReference; lastKnownFileType = file.storyboard; name = Base; path = Base.lproj/Main.storyboard; sourceTree = "<group>"; };
		A12810361FB6CFE2001B01E4 /* Assets.xcassets */ = {isa = PBXFileReference; lastKnownFileType = folder.assetcatalog; path = Assets.xcassets; sourceTree = "<group>"; };
		A12810391FB6CFE2001B01E4 /* Base */ = {isa = PBXFileReference; lastKnownFileType = file.storyboard; name = Base; path = Base.lproj/LaunchScreen.storyboard; sourceTree = "<group>"; };
		A128103B1FB6CFE2001B01E4 /* Info.plist */ = {isa = PBXFileReference; lastKnownFileType = text.plist.xml; path = Info.plist; sourceTree = "<group>"; };
		A12810451FB6D06D001B01E4 /* Send As Post Share Extension.appex */ = {isa = PBXFileReference; explicitFileType = "wrapper.app-extension"; includeInIndex = 0; path = "Send As Post Share Extension.appex"; sourceTree = BUILT_PRODUCTS_DIR; };
		A12810471FB6D06E001B01E4 /* ShareViewController.swift */ = {isa = PBXFileReference; lastKnownFileType = sourcecode.swift; path = ShareViewController.swift; sourceTree = "<group>"; };
		A128104A1FB6D06E001B01E4 /* Base */ = {isa = PBXFileReference; lastKnownFileType = file.storyboard; name = Base; path = Base.lproj/MainInterface.storyboard; sourceTree = "<group>"; };
		A128104C1FB6D06E001B01E4 /* Info.plist */ = {isa = PBXFileReference; lastKnownFileType = text.plist.xml; path = Info.plist; sourceTree = "<group>"; };
		A12810541FB6D5C0001B01E4 /* AddUrlViewController.swift */ = {isa = PBXFileReference; lastKnownFileType = sourcecode.swift; path = AddUrlViewController.swift; sourceTree = "<group>"; };
		A12810561FB6D5CD001B01E4 /* SelectUrlViewController.swift */ = {isa = PBXFileReference; lastKnownFileType = sourcecode.swift; path = SelectUrlViewController.swift; sourceTree = "<group>"; };
		A12810581FB6D697001B01E4 /* Send As Post Share Extension.entitlements */ = {isa = PBXFileReference; lastKnownFileType = text.plist.entitlements; path = "Send As Post Share Extension.entitlements"; sourceTree = "<group>"; };
		A12810591FB6D6BA001B01E4 /* Send As Post.entitlements */ = {isa = PBXFileReference; lastKnownFileType = text.plist.entitlements; path = "Send As Post.entitlements"; sourceTree = "<group>"; };
		A13447CC1FB730290098F365 /* EditParamViewController.swift */ = {isa = PBXFileReference; lastKnownFileType = sourcecode.swift; path = EditParamViewController.swift; sourceTree = "<group>"; };
		B19F0F75306E8D6BA70EC33B /* Pods-Send As Post Share Extension.debug.xcconfig */ = {isa = PBXFileReference; includeInIndex = 1; lastKnownFileType = text.xcconfig; name = "Pods-Send As Post Share Extension.debug.xcconfig"; path = "Pods/Target Support Files/Pods-Send As Post Share Extension/Pods-Send As Post Share Extension.debug.xcconfig"; sourceTree = "<group>"; };
		B38FAE3D05746BFD345B47D2 /* Pods-Send As Post Share Extension.release.xcconfig */ = {isa = PBXFileReference; includeInIndex = 1; lastKnownFileType = text.xcconfig; name = "Pods-Send As Post Share Extension.release.xcconfig"; path = "Pods/Target Support Files/Pods-Send As Post Share Extension/Pods-Send As Post Share Extension.release.xcconfig"; sourceTree = "<group>"; };
		DD415D4F496AEB614DA1C257 /* Pods-Send As Post.release.xcconfig */ = {isa = PBXFileReference; includeInIndex = 1; lastKnownFileType = text.xcconfig; name = "Pods-Send As Post.release.xcconfig"; path = "Pods/Target Support Files/Pods-Send As Post/Pods-Send As Post.release.xcconfig"; sourceTree = "<group>"; };
/* End PBXFileReference section */

/* Begin PBXFrameworksBuildPhase section */
		A12810291FB6CFE2001B01E4 /* Frameworks */ = {
			isa = PBXFrameworksBuildPhase;
			buildActionMask = 2147483647;
			files = (
				96CF90B808EF87455FFF64E4 /* Pods_Send_As_Post.framework in Frameworks */,
			);
			runOnlyForDeploymentPostprocessing = 0;
		};
		A12810421FB6D06D001B01E4 /* Frameworks */ = {
			isa = PBXFrameworksBuildPhase;
			buildActionMask = 2147483647;
			files = (
				51B9D87A1583DDB7BE27065E /* Pods_Send_As_Post_Share_Extension.framework in Frameworks */,
			);
			runOnlyForDeploymentPostprocessing = 0;
		};
/* End PBXFrameworksBuildPhase section */

/* Begin PBXGroup section */
		1E346001BC499C57D0D982CB /* Frameworks */ = {
			isa = PBXGroup;
			children = (
				6C2C74150AA18916633C5D9D /* Pods_Send_As_Post.framework */,
				1FCA628BE9B4566E27761B48 /* Pods_Send_As_Post_Share_Extension.framework */,
			);
			name = Frameworks;
			sourceTree = "<group>";
		};
		83082F12552C501185549BE1 /* Pods */ = {
			isa = PBXGroup;
			children = (
				9CB2F3B155EBCF97F0519A9C /* Pods-Send As Post.debug.xcconfig */,
				DD415D4F496AEB614DA1C257 /* Pods-Send As Post.release.xcconfig */,
				B19F0F75306E8D6BA70EC33B /* Pods-Send As Post Share Extension.debug.xcconfig */,
				B38FAE3D05746BFD345B47D2 /* Pods-Send As Post Share Extension.release.xcconfig */,
			);
			name = Pods;
			sourceTree = "<group>";
		};
		A12810231FB6CFE2001B01E4 = {
			isa = PBXGroup;
			children = (
				A128102E1FB6CFE2001B01E4 /* Send As Post */,
				A12810461FB6D06E001B01E4 /* Send As Post Share Extension */,
				A128102D1FB6CFE2001B01E4 /* Products */,
				83082F12552C501185549BE1 /* Pods */,
				1E346001BC499C57D0D982CB /* Frameworks */,
			);
			sourceTree = "<group>";
		};
		A128102D1FB6CFE2001B01E4 /* Products */ = {
			isa = PBXGroup;
			children = (
				A128102C1FB6CFE2001B01E4 /* Send As Post.app */,
				A12810451FB6D06D001B01E4 /* Send As Post Share Extension.appex */,
			);
			name = Products;
			sourceTree = "<group>";
		};
		A128102E1FB6CFE2001B01E4 /* Send As Post */ = {
			isa = PBXGroup;
			children = (
				A12810591FB6D6BA001B01E4 /* Send As Post.entitlements */,
				A13447CC1FB730290098F365 /* EditParamViewController.swift */,
				A128102F1FB6CFE2001B01E4 /* AppDelegate.swift */,
				A12810311FB6CFE2001B01E4 /* ConfigViewController.swift */,
				A12810331FB6CFE2001B01E4 /* Main.storyboard */,
				A12810361FB6CFE2001B01E4 /* Assets.xcassets */,
				A12810381FB6CFE2001B01E4 /* LaunchScreen.storyboard */,
				A128103B1FB6CFE2001B01E4 /* Info.plist */,
			);
			path = "Send As Post";
			sourceTree = "<group>";
		};
		A12810461FB6D06E001B01E4 /* Send As Post Share Extension */ = {
			isa = PBXGroup;
			children = (
				A12810581FB6D697001B01E4 /* Send As Post Share Extension.entitlements */,
				A12810541FB6D5C0001B01E4 /* AddUrlViewController.swift */,
				A12810471FB6D06E001B01E4 /* ShareViewController.swift */,
				A12810561FB6D5CD001B01E4 /* SelectUrlViewController.swift */,
				A12810491FB6D06E001B01E4 /* MainInterface.storyboard */,
				A128104C1FB6D06E001B01E4 /* Info.plist */,
			);
			path = "Send As Post Share Extension";
			sourceTree = "<group>";
		};
/* End PBXGroup section */

/* Begin PBXNativeTarget section */
		A128102B1FB6CFE2001B01E4 /* Send As Post */ = {
			isa = PBXNativeTarget;
			buildConfigurationList = A128103E1FB6CFE2001B01E4 /* Build configuration list for PBXNativeTarget "Send As Post" */;
			buildPhases = (
				4A86CD4CD8D0F5F7177158B9 /* [CP] Check Pods Manifest.lock */,
				A12810281FB6CFE2001B01E4 /* Sources */,
				A12810291FB6CFE2001B01E4 /* Frameworks */,
				A128102A1FB6CFE2001B01E4 /* Resources */,
				A12810531FB6D06E001B01E4 /* Embed App Extensions */,
				B6C630714DEB6371C4A6D393 /* [CP] Embed Pods Frameworks */,
				69BE90477E85DCA48CF53982 /* [CP] Copy Pods Resources */,
			);
			buildRules = (
			);
			dependencies = (
				A128104E1FB6D06E001B01E4 /* PBXTargetDependency */,
			);
			name = "Send As Post";
			productName = "Send As Post";
			productReference = A128102C1FB6CFE2001B01E4 /* Send As Post.app */;
			productType = "com.apple.product-type.application";
		};
		A12810441FB6D06D001B01E4 /* Send As Post Share Extension */ = {
			isa = PBXNativeTarget;
			buildConfigurationList = A12810501FB6D06E001B01E4 /* Build configuration list for PBXNativeTarget "Send As Post Share Extension" */;
			buildPhases = (
				4973C278C058793993A79782 /* [CP] Check Pods Manifest.lock */,
				A12810411FB6D06D001B01E4 /* Sources */,
				A12810421FB6D06D001B01E4 /* Frameworks */,
				A12810431FB6D06D001B01E4 /* Resources */,
				2AD98275BEE415C1049A3A25 /* [CP] Copy Pods Resources */,
			);
			buildRules = (
			);
			dependencies = (
			);
			name = "Send As Post Share Extension";
			productName = "Send As Post Share Extension";
			productReference = A12810451FB6D06D001B01E4 /* Send As Post Share Extension.appex */;
			productType = "com.apple.product-type.app-extension";
		};
/* End PBXNativeTarget section */

/* Begin PBXProject section */
		A12810241FB6CFE2001B01E4 /* Project object */ = {
			isa = PBXProject;
			attributes = {
				LastSwiftUpdateCheck = 0910;
				LastUpgradeCheck = 0910;
				ORGANIZATIONNAME = APB;
				TargetAttributes = {
					A128102B1FB6CFE2001B01E4 = {
						CreatedOnToolsVersion = 9.1;
						ProvisioningStyle = Automatic;
						SystemCapabilities = {
							com.apple.ApplicationGroups.iOS = {
								enabled = 1;
							};
						};
					};
					A12810441FB6D06D001B01E4 = {
						CreatedOnToolsVersion = 9.1;
						ProvisioningStyle = Automatic;
						SystemCapabilities = {
							com.apple.ApplicationGroups.iOS = {
								enabled = 1;
							};
						};
					};
				};
			};
			buildConfigurationList = A12810271FB6CFE2001B01E4 /* Build configuration list for PBXProject "Send As Post" */;
			compatibilityVersion = "Xcode 8.0";
			developmentRegion = en;
			hasScannedForEncodings = 0;
			knownRegions = (
				en,
				Base,
			);
			mainGroup = A12810231FB6CFE2001B01E4;
			productRefGroup = A128102D1FB6CFE2001B01E4 /* Products */;
			projectDirPath = "";
			projectRoot = "";
			targets = (
				A128102B1FB6CFE2001B01E4 /* Send As Post */,
				A12810441FB6D06D001B01E4 /* Send As Post Share Extension */,
			);
		};
/* End PBXProject section */

/* Begin PBXResourcesBuildPhase section */
		A128102A1FB6CFE2001B01E4 /* Resources */ = {
			isa = PBXResourcesBuildPhase;
			buildActionMask = 2147483647;
			files = (
				A128103A1FB6CFE2001B01E4 /* LaunchScreen.storyboard in Resources */,
				A12810371FB6CFE2001B01E4 /* Assets.xcassets in Resources */,
				A12810351FB6CFE2001B01E4 /* Main.storyboard in Resources */,
			);
			runOnlyForDeploymentPostprocessing = 0;
		};
		A12810431FB6D06D001B01E4 /* Resources */ = {
			isa = PBXResourcesBuildPhase;
			buildActionMask = 2147483647;
			files = (
				A128104B1FB6D06E001B01E4 /* MainInterface.storyboard in Resources */,
			);
			runOnlyForDeploymentPostprocessing = 0;
		};
/* End PBXResourcesBuildPhase section */

/* Begin PBXShellScriptBuildPhase section */
		2AD98275BEE415C1049A3A25 /* [CP] Copy Pods Resources */ = {
			isa = PBXShellScriptBuildPhase;
			buildActionMask = 2147483647;
			files = (
			);
			inputPaths = (
			);
			name = "[CP] Copy Pods Resources";
			outputPaths = (
			);
			runOnlyForDeploymentPostprocessing = 0;
			shellPath = /bin/sh;
			shellScript = "\"${SRCROOT}/Pods/Target Support Files/Pods-Send As Post Share Extension/Pods-Send As Post Share Extension-resources.sh\"\n";
			showEnvVarsInLog = 0;
		};
		4973C278C058793993A79782 /* [CP] Check Pods Manifest.lock */ = {
			isa = PBXShellScriptBuildPhase;
			buildActionMask = 2147483647;
			files = (
			);
			inputPaths = (
			);
			name = "[CP] Check Pods Manifest.lock";
			outputPaths = (
			);
			runOnlyForDeploymentPostprocessing = 0;
			shellPath = /bin/sh;
			shellScript = "diff \"${PODS_ROOT}/../Podfile.lock\" \"${PODS_ROOT}/Manifest.lock\" > /dev/null\nif [ $? != 0 ] ; then\n    # print error to STDERR\n    echo \"error: The sandbox is not in sync with the Podfile.lock. Run 'pod install' or update your CocoaPods installation.\" >&2\n    exit 1\nfi\n";
			showEnvVarsInLog = 0;
		};
		4A86CD4CD8D0F5F7177158B9 /* [CP] Check Pods Manifest.lock */ = {
			isa = PBXShellScriptBuildPhase;
			buildActionMask = 2147483647;
			files = (
			);
			inputPaths = (
			);
			name = "[CP] Check Pods Manifest.lock";
			outputPaths = (
			);
			runOnlyForDeploymentPostprocessing = 0;
			shellPath = /bin/sh;
			shellScript = "diff \"${PODS_ROOT}/../Podfile.lock\" \"${PODS_ROOT}/Manifest.lock\" > /dev/null\nif [ $? != 0 ] ; then\n    # print error to STDERR\n    echo \"error: The sandbox is not in sync with the Podfile.lock. Run 'pod install' or update your CocoaPods installation.\" >&2\n    exit 1\nfi\n";
			showEnvVarsInLog = 0;
		};
		69BE90477E85DCA48CF53982 /* [CP] Copy Pods Resources */ = {
			isa = PBXShellScriptBuildPhase;
			buildActionMask = 2147483647;
			files = (
			);
			inputPaths = (
			);
			name = "[CP] Copy Pods Resources";
			outputPaths = (
			);
			runOnlyForDeploymentPostprocessing = 0;
			shellPath = /bin/sh;
			shellScript = "\"${SRCROOT}/Pods/Target Support Files/Pods-Send As Post/Pods-Send As Post-resources.sh\"\n";
			showEnvVarsInLog = 0;
		};
		B6C630714DEB6371C4A6D393 /* [CP] Embed Pods Frameworks */ = {
			isa = PBXShellScriptBuildPhase;
			buildActionMask = 2147483647;
			files = (
			);
			inputPaths = (
			);
			name = "[CP] Embed Pods Frameworks";
			outputPaths = (
			);
			runOnlyForDeploymentPostprocessing = 0;
			shellPath = /bin/sh;
			shellScript = "\"${SRCROOT}/Pods/Target Support Files/Pods-Send As Post/Pods-Send As Post-frameworks.sh\"\n";
			showEnvVarsInLog = 0;
		};
/* End PBXShellScriptBuildPhase section */

/* Begin PBXSourcesBuildPhase section */
		A12810281FB6CFE2001B01E4 /* Sources */ = {
			isa = PBXSourcesBuildPhase;
			buildActionMask = 2147483647;
			files = (
				A12810321FB6CFE2001B01E4 /* ConfigViewController.swift in Sources */,
				A12810301FB6CFE2001B01E4 /* AppDelegate.swift in Sources */,
				A13447CD1FB730290098F365 /* EditParamViewController.swift in Sources */,
			);
			runOnlyForDeploymentPostprocessing = 0;
		};
		A12810411FB6D06D001B01E4 /* Sources */ = {
			isa = PBXSourcesBuildPhase;
			buildActionMask = 2147483647;
			files = (
				A12810571FB6D5CD001B01E4 /* SelectUrlViewController.swift in Sources */,
				A12810551FB6D5C0001B01E4 /* AddUrlViewController.swift in Sources */,
				A12810481FB6D06E001B01E4 /* ShareViewController.swift in Sources */,
			);
			runOnlyForDeploymentPostprocessing = 0;
		};
/* End PBXSourcesBuildPhase section */

/* Begin PBXTargetDependency section */
		A128104E1FB6D06E001B01E4 /* PBXTargetDependency */ = {
			isa = PBXTargetDependency;
			target = A12810441FB6D06D001B01E4 /* Send As Post Share Extension */;
			targetProxy = A128104D1FB6D06E001B01E4 /* PBXContainerItemProxy */;
		};
/* End PBXTargetDependency section */

/* Begin PBXVariantGroup section */
		A12810331FB6CFE2001B01E4 /* Main.storyboard */ = {
			isa = PBXVariantGroup;
			children = (
				A12810341FB6CFE2001B01E4 /* Base */,
			);
			name = Main.storyboard;
			sourceTree = "<group>";
		};
		A12810381FB6CFE2001B01E4 /* LaunchScreen.storyboard */ = {
			isa = PBXVariantGroup;
			children = (
				A12810391FB6CFE2001B01E4 /* Base */,
			);
			name = LaunchScreen.storyboard;
			sourceTree = "<group>";
		};
		A12810491FB6D06E001B01E4 /* MainInterface.storyboard */ = {
			isa = PBXVariantGroup;
			children = (
				A128104A1FB6D06E001B01E4 /* Base */,
			);
			name = MainInterface.storyboard;
			sourceTree = "<group>";
		};
/* End PBXVariantGroup section */

/* Begin XCBuildConfiguration section */
		A128103C1FB6CFE2001B01E4 /* Debug */ = {
			isa = XCBuildConfiguration;
			buildSettings = {
				ALWAYS_SEARCH_USER_PATHS = NO;
				CLANG_ANALYZER_NONNULL = YES;
				CLANG_ANALYZER_NUMBER_OBJECT_CONVERSION = YES_AGGRESSIVE;
				CLANG_CXX_LANGUAGE_STANDARD = "gnu++14";
				CLANG_CXX_LIBRARY = "libc++";
				CLANG_ENABLE_MODULES = YES;
				CLANG_ENABLE_OBJC_ARC = YES;
				CLANG_WARN_BLOCK_CAPTURE_AUTORELEASING = YES;
				CLANG_WARN_BOOL_CONVERSION = YES;
				CLANG_WARN_COMMA = YES;
				CLANG_WARN_CONSTANT_CONVERSION = YES;
				CLANG_WARN_DIRECT_OBJC_ISA_USAGE = YES_ERROR;
				CLANG_WARN_DOCUMENTATION_COMMENTS = YES;
				CLANG_WARN_EMPTY_BODY = YES;
				CLANG_WARN_ENUM_CONVERSION = YES;
				CLANG_WARN_INFINITE_RECURSION = YES;
				CLANG_WARN_INT_CONVERSION = YES;
				CLANG_WARN_NON_LITERAL_NULL_CONVERSION = YES;
				CLANG_WARN_OBJC_LITERAL_CONVERSION = YES;
				CLANG_WARN_OBJC_ROOT_CLASS = YES_ERROR;
				CLANG_WARN_RANGE_LOOP_ANALYSIS = YES;
				CLANG_WARN_STRICT_PROTOTYPES = YES;
				CLANG_WARN_SUSPICIOUS_MOVE = YES;
				CLANG_WARN_UNGUARDED_AVAILABILITY = YES_AGGRESSIVE;
				CLANG_WARN_UNREACHABLE_CODE = YES;
				CLANG_WARN__DUPLICATE_METHOD_MATCH = YES;
				CODE_SIGN_IDENTITY = "iPhone Developer";
				COPY_PHASE_STRIP = NO;
				DEBUG_INFORMATION_FORMAT = dwarf;
				ENABLE_STRICT_OBJC_MSGSEND = YES;
				ENABLE_TESTABILITY = YES;
				GCC_C_LANGUAGE_STANDARD = gnu11;
				GCC_DYNAMIC_NO_PIC = NO;
				GCC_NO_COMMON_BLOCKS = YES;
				GCC_OPTIMIZATION_LEVEL = 0;
				GCC_PREPROCESSOR_DEFINITIONS = (
					"DEBUG=1",
					"$(inherited)",
				);
				GCC_WARN_64_TO_32_BIT_CONVERSION = YES;
				GCC_WARN_ABOUT_RETURN_TYPE = YES_ERROR;
				GCC_WARN_UNDECLARED_SELECTOR = YES;
				GCC_WARN_UNINITIALIZED_AUTOS = YES_AGGRESSIVE;
				GCC_WARN_UNUSED_FUNCTION = YES;
				GCC_WARN_UNUSED_VARIABLE = YES;
				IPHONEOS_DEPLOYMENT_TARGET = 10.0;
				MTL_ENABLE_DEBUG_INFO = YES;
				ONLY_ACTIVE_ARCH = YES;
				SDKROOT = iphoneos;
				SWIFT_ACTIVE_COMPILATION_CONDITIONS = DEBUG;
				SWIFT_OPTIMIZATION_LEVEL = "-Onone";
			};
			name = Debug;
		};
		A128103D1FB6CFE2001B01E4 /* Release */ = {
			isa = XCBuildConfiguration;
			buildSettings = {
				ALWAYS_SEARCH_USER_PATHS = NO;
				CLANG_ANALYZER_NONNULL = YES;
				CLANG_ANALYZER_NUMBER_OBJECT_CONVERSION = YES_AGGRESSIVE;
				CLANG_CXX_LANGUAGE_STANDARD = "gnu++14";
				CLANG_CXX_LIBRARY = "libc++";
				CLANG_ENABLE_MODULES = YES;
				CLANG_ENABLE_OBJC_ARC = YES;
				CLANG_WARN_BLOCK_CAPTURE_AUTORELEASING = YES;
				CLANG_WARN_BOOL_CONVERSION = YES;
				CLANG_WARN_COMMA = YES;
				CLANG_WARN_CONSTANT_CONVERSION = YES;
				CLANG_WARN_DIRECT_OBJC_ISA_USAGE = YES_ERROR;
				CLANG_WARN_DOCUMENTATION_COMMENTS = YES;
				CLANG_WARN_EMPTY_BODY = YES;
				CLANG_WARN_ENUM_CONVERSION = YES;
				CLANG_WARN_INFINITE_RECURSION = YES;
				CLANG_WARN_INT_CONVERSION = YES;
				CLANG_WARN_NON_LITERAL_NULL_CONVERSION = YES;
				CLANG_WARN_OBJC_LITERAL_CONVERSION = YES;
				CLANG_WARN_OBJC_ROOT_CLASS = YES_ERROR;
				CLANG_WARN_RANGE_LOOP_ANALYSIS = YES;
				CLANG_WARN_STRICT_PROTOTYPES = YES;
				CLANG_WARN_SUSPICIOUS_MOVE = YES;
				CLANG_WARN_UNGUARDED_AVAILABILITY = YES_AGGRESSIVE;
				CLANG_WARN_UNREACHABLE_CODE = YES;
				CLANG_WARN__DUPLICATE_METHOD_MATCH = YES;
				CODE_SIGN_IDENTITY = "iPhone Developer";
				COPY_PHASE_STRIP = NO;
				DEBUG_INFORMATION_FORMAT = "dwarf-with-dsym";
				ENABLE_NS_ASSERTIONS = NO;
				ENABLE_STRICT_OBJC_MSGSEND = YES;
				GCC_C_LANGUAGE_STANDARD = gnu11;
				GCC_NO_COMMON_BLOCKS = YES;
				GCC_WARN_64_TO_32_BIT_CONVERSION = YES;
				GCC_WARN_ABOUT_RETURN_TYPE = YES_ERROR;
				GCC_WARN_UNDECLARED_SELECTOR = YES;
				GCC_WARN_UNINITIALIZED_AUTOS = YES_AGGRESSIVE;
				GCC_WARN_UNUSED_FUNCTION = YES;
				GCC_WARN_UNUSED_VARIABLE = YES;
				IPHONEOS_DEPLOYMENT_TARGET = 10.0;
				MTL_ENABLE_DEBUG_INFO = NO;
				SDKROOT = iphoneos;
				SWIFT_OPTIMIZATION_LEVEL = "-Owholemodule";
				VALIDATE_PRODUCT = YES;
			};
			name = Release;
		};
		A128103F1FB6CFE2001B01E4 /* Debug */ = {
			isa = XCBuildConfiguration;
			baseConfigurationReference = 9CB2F3B155EBCF97F0519A9C /* Pods-Send As Post.debug.xcconfig */;
			buildSettings = {
				ALWAYS_EMBED_SWIFT_STANDARD_LIBRARIES = YES;
				ASSETCATALOG_COMPILER_APPICON_NAME = AppIcon;
				CODE_SIGN_ENTITLEMENTS = "Send As Post/Send As Post.entitlements";
				CODE_SIGN_STYLE = Automatic;
				DEVELOPMENT_TEAM = 8TW9V9HVES;
				INFOPLIST_FILE = "Send As Post/Info.plist";
				LD_RUNPATH_SEARCH_PATHS = "$(inherited) @executable_path/Frameworks";
				PRODUCT_BUNDLE_IDENTIFIER = com.sendaspost.SendAsPost;
				PRODUCT_NAME = "$(TARGET_NAME)";
				SWIFT_VERSION = 4.0;
				TARGETED_DEVICE_FAMILY = "1,2";
			};
			name = Debug;
		};
		A12810401FB6CFE2001B01E4 /* Release */ = {
			isa = XCBuildConfiguration;
			baseConfigurationReference = DD415D4F496AEB614DA1C257 /* Pods-Send As Post.release.xcconfig */;
			buildSettings = {
				ALWAYS_EMBED_SWIFT_STANDARD_LIBRARIES = YES;
				ASSETCATALOG_COMPILER_APPICON_NAME = AppIcon;
				CODE_SIGN_ENTITLEMENTS = "Send As Post/Send As Post.entitlements";
				CODE_SIGN_STYLE = Automatic;
				DEVELOPMENT_TEAM = 8TW9V9HVES;
				INFOPLIST_FILE = "Send As Post/Info.plist";
				LD_RUNPATH_SEARCH_PATHS = "$(inherited) @executable_path/Frameworks";
				PRODUCT_BUNDLE_IDENTIFIER = com.sendaspost.SendAsPost;
				PRODUCT_NAME = "$(TARGET_NAME)";
				SWIFT_VERSION = 4.0;
				TARGETED_DEVICE_FAMILY = "1,2";
			};
			name = Release;
		};
		A12810511FB6D06E001B01E4 /* Debug */ = {
			isa = XCBuildConfiguration;
			baseConfigurationReference = B19F0F75306E8D6BA70EC33B /* Pods-Send As Post Share Extension.debug.xcconfig */;
			buildSettings = {
				CODE_SIGN_ENTITLEMENTS = "Send As Post Share Extension/Send As Post Share Extension.entitlements";
				CODE_SIGN_STYLE = Automatic;
				DEVELOPMENT_TEAM = 8TW9V9HVES;
				INFOPLIST_FILE = "Send As Post Share Extension/Info.plist";
				LD_RUNPATH_SEARCH_PATHS = "$(inherited) @executable_path/Frameworks @executable_path/../../Frameworks";
				PRODUCT_BUNDLE_IDENTIFIER = com.sendaspost.SendAsPost.SendAsPostShareExtension;
				PRODUCT_NAME = "$(TARGET_NAME)";
				SKIP_INSTALL = YES;
				SWIFT_VERSION = 4.0;
				TARGETED_DEVICE_FAMILY = "1,2";
			};
			name = Debug;
		};
		A12810521FB6D06E001B01E4 /* Release */ = {
			isa = XCBuildConfiguration;
			baseConfigurationReference = B38FAE3D05746BFD345B47D2 /* Pods-Send As Post Share Extension.release.xcconfig */;
			buildSettings = {
				CODE_SIGN_ENTITLEMENTS = "Send As Post Share Extension/Send As Post Share Extension.entitlements";
				CODE_SIGN_STYLE = Automatic;
				DEVELOPMENT_TEAM = 8TW9V9HVES;
				INFOPLIST_FILE = "Send As Post Share Extension/Info.plist";
				LD_RUNPATH_SEARCH_PATHS = "$(inherited) @executable_path/Frameworks @executable_path/../../Frameworks";
				PRODUCT_BUNDLE_IDENTIFIER = com.sendaspost.SendAsPost.SendAsPostShareExtension;
				PRODUCT_NAME = "$(TARGET_NAME)";
				SKIP_INSTALL = YES;
				SWIFT_VERSION = 4.0;
				TARGETED_DEVICE_FAMILY = "1,2";
			};
			name = Release;
		};
/* End XCBuildConfiguration section */

/* Begin XCConfigurationList section */
		A12810271FB6CFE2001B01E4 /* Build configuration list for PBXProject "Send As Post" */ = {
			isa = XCConfigurationList;
			buildConfigurations = (
				A128103C1FB6CFE2001B01E4 /* Debug */,
				A128103D1FB6CFE2001B01E4 /* Release */,
			);
			defaultConfigurationIsVisible = 0;
			defaultConfigurationName = Release;
		};
		A128103E1FB6CFE2001B01E4 /* Build configuration list for PBXNativeTarget "Send As Post" */ = {
			isa = XCConfigurationList;
			buildConfigurations = (
				A128103F1FB6CFE2001B01E4 /* Debug */,
				A12810401FB6CFE2001B01E4 /* Release */,
			);
			defaultConfigurationIsVisible = 0;
			defaultConfigurationName = Release;
		};
		A12810501FB6D06E001B01E4 /* Build configuration list for PBXNativeTarget "Send As Post Share Extension" */ = {
			isa = XCConfigurationList;
			buildConfigurations = (
				A12810511FB6D06E001B01E4 /* Debug */,
				A12810521FB6D06E001B01E4 /* Release */,
			);
			defaultConfigurationIsVisible = 0;
			defaultConfigurationName = Release;
		};
/* End XCConfigurationList section */
	};
	rootObject = A12810241FB6CFE2001B01E4 /* Project object */;
}
